// !$*UTF8*$!
{
	archiveVersion = 1;
	classes = {
	};
	objectVersion = 51;
	objects = {

/* Begin PBXBuildFile section */
		2D1B08AC249D9EF30028A6A7 /* ramzi-FireService.swift in Sources */ = {isa = PBXBuildFile; fileRef = 2D1B08AB249D9EF30028A6A7 /* ramzi-FireService.swift */; };
		2D1B08AD249D9EF30028A6A7 /* ramzi-FireService.swift in Sources */ = {isa = PBXBuildFile; fileRef = 2D1B08AB249D9EF30028A6A7 /* ramzi-FireService.swift */; };
		2D1B08AE249D9EF30028A6A7 /* ramzi-FireService.swift in Sources */ = {isa = PBXBuildFile; fileRef = 2D1B08AB249D9EF30028A6A7 /* ramzi-FireService.swift */; };
		3541292F535A21BAAC5F2C66 /* Pods_ChatApp.framework in Frameworks */ = {isa = PBXBuildFile; fileRef = 423890E3C5130288FBA965E0 /* Pods_ChatApp.framework */; };
		38DF35B92F050C0C26A9768B /* Pods_ChatAppTests.framework in Frameworks */ = {isa = PBXBuildFile; fileRef = 50AA4DAC9ADCF9DAF516B0FE /* Pods_ChatAppTests.framework */; };
		439F5AD82499A9DC00D06BCF /* FireService.swift in Sources */ = {isa = PBXBuildFile; fileRef = 439F5AD72499A9DB00D06BCF /* FireService.swift */; };
		43BBB40B2499D5B80024F449 /* SignUpSB.storyboard in Resources */ = {isa = PBXBuildFile; fileRef = 43BBB4052499D5B80024F449 /* SignUpSB.storyboard */; };
		43BBB40C2499D5B80024F449 /* WelcomeScreenSB.storyboard in Resources */ = {isa = PBXBuildFile; fileRef = 43BBB4062499D5B80024F449 /* WelcomeScreenSB.storyboard */; };
		43BBB40D2499D5B80024F449 /* SignInSB.storyboard in Resources */ = {isa = PBXBuildFile; fileRef = 43BBB4072499D5B80024F449 /* SignInSB.storyboard */; };
		43BBB40E2499D5B80024F449 /* NewGroupSB.storyboard in Resources */ = {isa = PBXBuildFile; fileRef = 43BBB4082499D5B80024F449 /* NewGroupSB.storyboard */; };
		43BBB40F2499D5B80024F449 /* AddContactSB.storyboard in Resources */ = {isa = PBXBuildFile; fileRef = 43BBB4092499D5B80024F449 /* AddContactSB.storyboard */; };
		43BBB4102499D5B80024F449 /* ChatLogSB.storyboard in Resources */ = {isa = PBXBuildFile; fileRef = 43BBB40A2499D5B80024F449 /* ChatLogSB.storyboard */; };
		43BBB4122499D5C70024F449 /* GoogleService-Info.plist in Resources */ = {isa = PBXBuildFile; fileRef = 43BBB4112499D5C70024F449 /* GoogleService-Info.plist */; };
		43BBB4142499D5D10024F449 /* ebuka-FireService.swift in Sources */ = {isa = PBXBuildFile; fileRef = 43BBB4132499D5D10024F449 /* ebuka-FireService.swift */; };
		43BBB419249A7B910024F449 /* Git.swift in Sources */ = {isa = PBXBuildFile; fileRef = 43BBB418249A7B910024F449 /* Git.swift */; };
		43BBB420249ABDC60024F449 /* ChatLogVC.swift in Sources */ = {isa = PBXBuildFile; fileRef = 43BBB41B249ABDC50024F449 /* ChatLogVC.swift */; };
		43BBB421249ABDC60024F449 /* ChatLogCell.xib in Resources */ = {isa = PBXBuildFile; fileRef = 43BBB41C249ABDC50024F449 /* ChatLogCell.xib */; };
		43BBB422249ABDC60024F449 /* ChatLogCell.swift in Sources */ = {isa = PBXBuildFile; fileRef = 43BBB41D249ABDC50024F449 /* ChatLogCell.swift */; };
		43BBB426249B0EE70024F449 /* Message.swift in Sources */ = {isa = PBXBuildFile; fileRef = 43BBB425249B0EE70024F449 /* Message.swift */; };
		43BBB428249B13EA0024F449 /* User.swift in Sources */ = {isa = PBXBuildFile; fileRef = 43BBB427249B13EA0024F449 /* User.swift */; };
		43BBB42A249C42280024F449 /* ContactsSB.storyboard in Resources */ = {isa = PBXBuildFile; fileRef = 43BBB429249C42280024F449 /* ContactsSB.storyboard */; };
		43BBB42C249C8FCF0024F449 /* ChatSB.storyboard in Resources */ = {isa = PBXBuildFile; fileRef = 43BBB42B249C8FCF0024F449 /* ChatSB.storyboard */; };
		43BBB42E249C980D0024F449 /* MainTabStoryboard.storyboard in Resources */ = {isa = PBXBuildFile; fileRef = 43BBB42D249C980D0024F449 /* MainTabStoryboard.storyboard */; };
		43BBB433249C99B80024F449 /* SignInVC.swift in Sources */ = {isa = PBXBuildFile; fileRef = 43BBB432249C99B80024F449 /* SignInVC.swift */; };
		43BBB436249C9E1C0024F449 /* Validate.swift in Sources */ = {isa = PBXBuildFile; fileRef = 43BBB435249C9E1C0024F449 /* Validate.swift */; };
		43BBB438249CA1AE0024F449 /* SettingsSB.storyboard in Resources */ = {isa = PBXBuildFile; fileRef = 43BBB437249CA1AE0024F449 /* SettingsSB.storyboard */; };
		43BBB43E249D6EFD0024F449 /* ChatStoryBoard.storyboard in Resources */ = {isa = PBXBuildFile; fileRef = 43BBB43D249D6EFD0024F449 /* ChatStoryBoard.storyboard */; };
		9A1FD7EEF59FEFF812C86703 /* Pods_ChatApp_ChatAppUITests.framework in Frameworks */ = {isa = PBXBuildFile; fileRef = 2941CA96B7C8FD29FEB0C824 /* Pods_ChatApp_ChatAppUITests.framework */; };
		CBD5985B24986037000CBEBD /* AppDelegate.swift in Sources */ = {isa = PBXBuildFile; fileRef = CBD5985A24986037000CBEBD /* AppDelegate.swift */; };
		CBD5985D24986037000CBEBD /* SceneDelegate.swift in Sources */ = {isa = PBXBuildFile; fileRef = CBD5985C24986037000CBEBD /* SceneDelegate.swift */; };
		CBD5985F24986037000CBEBD /* ViewController.swift in Sources */ = {isa = PBXBuildFile; fileRef = CBD5985E24986037000CBEBD /* ViewController.swift */; };
		CBD5986224986037000CBEBD /* MainSB.storyboard in Resources */ = {isa = PBXBuildFile; fileRef = CBD5986024986037000CBEBD /* MainSB.storyboard */; };
		CBD5986424986040000CBEBD /* Assets.xcassets in Resources */ = {isa = PBXBuildFile; fileRef = CBD5986324986040000CBEBD /* Assets.xcassets */; };
		CBD5986724986040000CBEBD /* LaunchScreen.storyboard in Resources */ = {isa = PBXBuildFile; fileRef = CBD5986524986040000CBEBD /* LaunchScreen.storyboard */; };
		CBD5987224986041000CBEBD /* ChatAppTests.swift in Sources */ = {isa = PBXBuildFile; fileRef = CBD5987124986041000CBEBD /* ChatAppTests.swift */; };
		CBD5987D24986041000CBEBD /* ChatAppUITests.swift in Sources */ = {isa = PBXBuildFile; fileRef = CBD5987C24986041000CBEBD /* ChatAppUITests.swift */; };
/* End PBXBuildFile section */

/* Begin PBXContainerItemProxy section */
		CBD5986E24986040000CBEBD /* PBXContainerItemProxy */ = {
			isa = PBXContainerItemProxy;
			containerPortal = CBD5984F24986037000CBEBD /* Project object */;
			proxyType = 1;
			remoteGlobalIDString = CBD5985624986037000CBEBD;
			remoteInfo = ChatApp;
		};
		CBD5987924986041000CBEBD /* PBXContainerItemProxy */ = {
			isa = PBXContainerItemProxy;
			containerPortal = CBD5984F24986037000CBEBD /* Project object */;
			proxyType = 1;
			remoteGlobalIDString = CBD5985624986037000CBEBD;
			remoteInfo = ChatApp;
		};
/* End PBXContainerItemProxy section */

/* Begin PBXFileReference section */
		0A7DE9360EE34B4BF535D3E6 /* Pods-ChatAppTests.debug.xcconfig */ = {isa = PBXFileReference; includeInIndex = 1; lastKnownFileType = text.xcconfig; name = "Pods-ChatAppTests.debug.xcconfig"; path = "Target Support Files/Pods-ChatAppTests/Pods-ChatAppTests.debug.xcconfig"; sourceTree = "<group>"; };
		2941CA96B7C8FD29FEB0C824 /* Pods_ChatApp_ChatAppUITests.framework */ = {isa = PBXFileReference; explicitFileType = wrapper.framework; includeInIndex = 0; path = Pods_ChatApp_ChatAppUITests.framework; sourceTree = BUILT_PRODUCTS_DIR; };
		2A313512E9052DFF8993A3F9 /* Pods-ChatApp.debug.xcconfig */ = {isa = PBXFileReference; includeInIndex = 1; lastKnownFileType = text.xcconfig; name = "Pods-ChatApp.debug.xcconfig"; path = "Target Support Files/Pods-ChatApp/Pods-ChatApp.debug.xcconfig"; sourceTree = "<group>"; };
		2D1B08AB249D9EF30028A6A7 /* ramzi-FireService.swift */ = {isa = PBXFileReference; lastKnownFileType = sourcecode.swift; path = "ramzi-FireService.swift"; sourceTree = "<group>"; };
		30A603C1DA64CF44CDDDE161 /* Pods-ChatAppTests.release.xcconfig */ = {isa = PBXFileReference; includeInIndex = 1; lastKnownFileType = text.xcconfig; name = "Pods-ChatAppTests.release.xcconfig"; path = "Target Support Files/Pods-ChatAppTests/Pods-ChatAppTests.release.xcconfig"; sourceTree = "<group>"; };
		423890E3C5130288FBA965E0 /* Pods_ChatApp.framework */ = {isa = PBXFileReference; explicitFileType = wrapper.framework; includeInIndex = 0; path = Pods_ChatApp.framework; sourceTree = BUILT_PRODUCTS_DIR; };
		439F5AD72499A9DB00D06BCF /* FireService.swift */ = {isa = PBXFileReference; lastKnownFileType = sourcecode.swift; path = FireService.swift; sourceTree = "<group>"; };
		43BBB4052499D5B80024F449 /* SignUpSB.storyboard */ = {isa = PBXFileReference; fileEncoding = 4; lastKnownFileType = file.storyboard; path = SignUpSB.storyboard; sourceTree = "<group>"; };
		43BBB4062499D5B80024F449 /* WelcomeScreenSB.storyboard */ = {isa = PBXFileReference; fileEncoding = 4; lastKnownFileType = file.storyboard; path = WelcomeScreenSB.storyboard; sourceTree = "<group>"; };
		43BBB4072499D5B80024F449 /* SignInSB.storyboard */ = {isa = PBXFileReference; fileEncoding = 4; lastKnownFileType = file.storyboard; path = SignInSB.storyboard; sourceTree = "<group>"; };
		43BBB4082499D5B80024F449 /* NewGroupSB.storyboard */ = {isa = PBXFileReference; fileEncoding = 4; lastKnownFileType = file.storyboard; path = NewGroupSB.storyboard; sourceTree = "<group>"; };
		43BBB4092499D5B80024F449 /* AddContactSB.storyboard */ = {isa = PBXFileReference; fileEncoding = 4; lastKnownFileType = file.storyboard; path = AddContactSB.storyboard; sourceTree = "<group>"; };
		43BBB40A2499D5B80024F449 /* ChatLogSB.storyboard */ = {isa = PBXFileReference; fileEncoding = 4; lastKnownFileType = file.storyboard; path = ChatLogSB.storyboard; sourceTree = "<group>"; };
		43BBB4112499D5C70024F449 /* GoogleService-Info.plist */ = {isa = PBXFileReference; fileEncoding = 4; lastKnownFileType = text.plist.xml; path = "GoogleService-Info.plist"; sourceTree = "<group>"; };
		43BBB4132499D5D10024F449 /* ebuka-FireService.swift */ = {isa = PBXFileReference; fileEncoding = 4; lastKnownFileType = sourcecode.swift; path = "ebuka-FireService.swift"; sourceTree = "<group>"; };
		43BBB418249A7B910024F449 /* Git.swift */ = {isa = PBXFileReference; lastKnownFileType = sourcecode.swift; path = Git.swift; sourceTree = "<group>"; };
		43BBB41B249ABDC50024F449 /* ChatLogVC.swift */ = {isa = PBXFileReference; fileEncoding = 4; lastKnownFileType = sourcecode.swift; path = ChatLogVC.swift; sourceTree = "<group>"; };
		43BBB41C249ABDC50024F449 /* ChatLogCell.xib */ = {isa = PBXFileReference; fileEncoding = 4; lastKnownFileType = file.xib; path = ChatLogCell.xib; sourceTree = "<group>"; };
		43BBB41D249ABDC50024F449 /* ChatLogCell.swift */ = {isa = PBXFileReference; fileEncoding = 4; lastKnownFileType = sourcecode.swift; path = ChatLogCell.swift; sourceTree = "<group>"; };
		43BBB425249B0EE70024F449 /* Message.swift */ = {isa = PBXFileReference; lastKnownFileType = sourcecode.swift; path = Message.swift; sourceTree = "<group>"; };
		43BBB427249B13EA0024F449 /* User.swift */ = {isa = PBXFileReference; lastKnownFileType = sourcecode.swift; path = User.swift; sourceTree = "<group>"; };
		43BBB429249C42280024F449 /* ContactsSB.storyboard */ = {isa = PBXFileReference; fileEncoding = 4; lastKnownFileType = file.storyboard; path = ContactsSB.storyboard; sourceTree = "<group>"; };
		43BBB42B249C8FCF0024F449 /* ChatSB.storyboard */ = {isa = PBXFileReference; lastKnownFileType = file.storyboard; path = ChatSB.storyboard; sourceTree = "<group>"; };
		43BBB42D249C980D0024F449 /* MainTabStoryboard.storyboard */ = {isa = PBXFileReference; lastKnownFileType = file.storyboard; path = MainTabStoryboard.storyboard; sourceTree = "<group>"; };
		43BBB432249C99B80024F449 /* SignInVC.swift */ = {isa = PBXFileReference; lastKnownFileType = sourcecode.swift; path = SignInVC.swift; sourceTree = "<group>"; };
		43BBB435249C9E1C0024F449 /* Validate.swift */ = {isa = PBXFileReference; lastKnownFileType = sourcecode.swift; path = Validate.swift; sourceTree = "<group>"; };
		43BBB437249CA1AE0024F449 /* SettingsSB.storyboard */ = {isa = PBXFileReference; lastKnownFileType = file.storyboard; path = SettingsSB.storyboard; sourceTree = "<group>"; };
		43BBB43D249D6EFD0024F449 /* ChatStoryBoard.storyboard */ = {isa = PBXFileReference; fileEncoding = 4; lastKnownFileType = file.storyboard; path = ChatStoryBoard.storyboard; sourceTree = "<group>"; };
		50AA4DAC9ADCF9DAF516B0FE /* Pods_ChatAppTests.framework */ = {isa = PBXFileReference; explicitFileType = wrapper.framework; includeInIndex = 0; path = Pods_ChatAppTests.framework; sourceTree = BUILT_PRODUCTS_DIR; };
		6B2AD9233536C88847F0E6B3 /* Pods-ChatApp-ChatAppUITests.release.xcconfig */ = {isa = PBXFileReference; includeInIndex = 1; lastKnownFileType = text.xcconfig; name = "Pods-ChatApp-ChatAppUITests.release.xcconfig"; path = "Target Support Files/Pods-ChatApp-ChatAppUITests/Pods-ChatApp-ChatAppUITests.release.xcconfig"; sourceTree = "<group>"; };
		CBD5985724986037000CBEBD /* ChatApp.app */ = {isa = PBXFileReference; explicitFileType = wrapper.application; includeInIndex = 0; path = ChatApp.app; sourceTree = BUILT_PRODUCTS_DIR; };
		CBD5985A24986037000CBEBD /* AppDelegate.swift */ = {isa = PBXFileReference; lastKnownFileType = sourcecode.swift; path = AppDelegate.swift; sourceTree = "<group>"; };
		CBD5985C24986037000CBEBD /* SceneDelegate.swift */ = {isa = PBXFileReference; lastKnownFileType = sourcecode.swift; path = SceneDelegate.swift; sourceTree = "<group>"; };
		CBD5985E24986037000CBEBD /* ViewController.swift */ = {isa = PBXFileReference; lastKnownFileType = sourcecode.swift; path = ViewController.swift; sourceTree = "<group>"; };
		CBD5986124986037000CBEBD /* Base */ = {isa = PBXFileReference; lastKnownFileType = file.storyboard; name = Base; path = Base.lproj/MainSB.storyboard; sourceTree = "<group>"; };
		CBD5986324986040000CBEBD /* Assets.xcassets */ = {isa = PBXFileReference; lastKnownFileType = folder.assetcatalog; path = Assets.xcassets; sourceTree = "<group>"; };
		CBD5986624986040000CBEBD /* Base */ = {isa = PBXFileReference; lastKnownFileType = file.storyboard; name = Base; path = Base.lproj/LaunchScreen.storyboard; sourceTree = "<group>"; };
		CBD5986824986040000CBEBD /* Info.plist */ = {isa = PBXFileReference; lastKnownFileType = text.plist.xml; path = Info.plist; sourceTree = "<group>"; };
		CBD5986D24986040000CBEBD /* ChatAppTests.xctest */ = {isa = PBXFileReference; explicitFileType = wrapper.cfbundle; includeInIndex = 0; path = ChatAppTests.xctest; sourceTree = BUILT_PRODUCTS_DIR; };
		CBD5987124986041000CBEBD /* ChatAppTests.swift */ = {isa = PBXFileReference; lastKnownFileType = sourcecode.swift; path = ChatAppTests.swift; sourceTree = "<group>"; };
		CBD5987324986041000CBEBD /* Info.plist */ = {isa = PBXFileReference; lastKnownFileType = text.plist.xml; path = Info.plist; sourceTree = "<group>"; };
		CBD5987824986041000CBEBD /* ChatAppUITests.xctest */ = {isa = PBXFileReference; explicitFileType = wrapper.cfbundle; includeInIndex = 0; path = ChatAppUITests.xctest; sourceTree = BUILT_PRODUCTS_DIR; };
		CBD5987C24986041000CBEBD /* ChatAppUITests.swift */ = {isa = PBXFileReference; lastKnownFileType = sourcecode.swift; path = ChatAppUITests.swift; sourceTree = "<group>"; };
		CBD5987E24986041000CBEBD /* Info.plist */ = {isa = PBXFileReference; lastKnownFileType = text.plist.xml; path = Info.plist; sourceTree = "<group>"; };
		E124EAA85E605ED11E2C09BC /* Pods-ChatApp-ChatAppUITests.debug.xcconfig */ = {isa = PBXFileReference; includeInIndex = 1; lastKnownFileType = text.xcconfig; name = "Pods-ChatApp-ChatAppUITests.debug.xcconfig"; path = "Target Support Files/Pods-ChatApp-ChatAppUITests/Pods-ChatApp-ChatAppUITests.debug.xcconfig"; sourceTree = "<group>"; };
		EAEF67A16F9D21C888FD2019 /* Pods-ChatApp.release.xcconfig */ = {isa = PBXFileReference; includeInIndex = 1; lastKnownFileType = text.xcconfig; name = "Pods-ChatApp.release.xcconfig"; path = "Target Support Files/Pods-ChatApp/Pods-ChatApp.release.xcconfig"; sourceTree = "<group>"; };
/* End PBXFileReference section */

/* Begin PBXFrameworksBuildPhase section */
		CBD5985424986037000CBEBD /* Frameworks */ = {
			isa = PBXFrameworksBuildPhase;
			buildActionMask = 2147483647;
			files = (
				3541292F535A21BAAC5F2C66 /* Pods_ChatApp.framework in Frameworks */,
			);
			runOnlyForDeploymentPostprocessing = 0;
		};
		CBD5986A24986040000CBEBD /* Frameworks */ = {
			isa = PBXFrameworksBuildPhase;
			buildActionMask = 2147483647;
			files = (
				38DF35B92F050C0C26A9768B /* Pods_ChatAppTests.framework in Frameworks */,
			);
			runOnlyForDeploymentPostprocessing = 0;
		};
		CBD5987524986041000CBEBD /* Frameworks */ = {
			isa = PBXFrameworksBuildPhase;
			buildActionMask = 2147483647;
			files = (
				9A1FD7EEF59FEFF812C86703 /* Pods_ChatApp_ChatAppUITests.framework in Frameworks */,
			);
			runOnlyForDeploymentPostprocessing = 0;
		};
/* End PBXFrameworksBuildPhase section */

/* Begin PBXGroup section */
		1D8A770470147867116C5E47 /* Pods */ = {
			isa = PBXGroup;
			children = (
				2A313512E9052DFF8993A3F9 /* Pods-ChatApp.debug.xcconfig */,
				EAEF67A16F9D21C888FD2019 /* Pods-ChatApp.release.xcconfig */,
				E124EAA85E605ED11E2C09BC /* Pods-ChatApp-ChatAppUITests.debug.xcconfig */,
				6B2AD9233536C88847F0E6B3 /* Pods-ChatApp-ChatAppUITests.release.xcconfig */,
				0A7DE9360EE34B4BF535D3E6 /* Pods-ChatAppTests.debug.xcconfig */,
				30A603C1DA64CF44CDDDE161 /* Pods-ChatAppTests.release.xcconfig */,
			);
			path = Pods;
			sourceTree = "<group>";
		};
		439F5AD62499A91200D06BCF /* Model */ = {
			isa = PBXGroup;
			children = (
				439F5AD72499A9DB00D06BCF /* FireService.swift */,
				2D1B08AB249D9EF30028A6A7 /* ramzi-FireService.swift */,
				43BBB4132499D5D10024F449 /* ebuka-FireService.swift */,
				43BBB425249B0EE70024F449 /* Message.swift */,
				43BBB427249B13EA0024F449 /* User.swift */,
			);
			path = Model;
			sourceTree = "<group>";
		};
		43BBB417249A7B790024F449 /* Git */ = {
			isa = PBXGroup;
			children = (
				43BBB418249A7B910024F449 /* Git.swift */,
			);
			path = Git;
			sourceTree = "<group>";
		};
		43BBB431249C997C0024F449 /* ViewControllers */ = {
			isa = PBXGroup;
			children = (
				43BBB41B249ABDC50024F449 /* ChatLogVC.swift */,
				43BBB432249C99B80024F449 /* SignInVC.swift */,
			);
			path = ViewControllers;
			sourceTree = "<group>";
		};
		43BBB434249C9E0C0024F449 /* Utitliies */ = {
			isa = PBXGroup;
			children = (
				43BBB435249C9E1C0024F449 /* Validate.swift */,
			);
			path = Utitliies;
			sourceTree = "<group>";
		};
		43BBB439249CA47F0024F449 /* Cells */ = {
			isa = PBXGroup;
			children = (
				43BBB43A249CA48D0024F449 /* ChatlLogCell */,
			);
			path = Cells;
			sourceTree = "<group>";
		};
		43BBB43A249CA48D0024F449 /* ChatlLogCell */ = {
			isa = PBXGroup;
			children = (
				43BBB41D249ABDC50024F449 /* ChatLogCell.swift */,
				43BBB41C249ABDC50024F449 /* ChatLogCell.xib */,
			);
			path = ChatlLogCell;
			sourceTree = "<group>";
		};
		5201B7049B6C551C2059AEFF /* Frameworks */ = {
			isa = PBXGroup;
			children = (
				423890E3C5130288FBA965E0 /* Pods_ChatApp.framework */,
				2941CA96B7C8FD29FEB0C824 /* Pods_ChatApp_ChatAppUITests.framework */,
				50AA4DAC9ADCF9DAF516B0FE /* Pods_ChatAppTests.framework */,
			);
			name = Frameworks;
			sourceTree = "<group>";
		};
		CBD5984E24986037000CBEBD = {
			isa = PBXGroup;
			children = (
				43BBB439249CA47F0024F449 /* Cells */,
				43BBB434249C9E0C0024F449 /* Utitliies */,
				43BBB431249C997C0024F449 /* ViewControllers */,
				43BBB417249A7B790024F449 /* Git */,
				439F5AD62499A91200D06BCF /* Model */,
				CBD5988A2498620D000CBEBD /* StoryBoards */,
				CBD5985924986037000CBEBD /* ChatApp */,
				CBD5987024986040000CBEBD /* ChatAppTests */,
				CBD5987B24986041000CBEBD /* ChatAppUITests */,
				CBD5985824986037000CBEBD /* Products */,
				1D8A770470147867116C5E47 /* Pods */,
				5201B7049B6C551C2059AEFF /* Frameworks */,
			);
			sourceTree = "<group>";
		};
		CBD5985824986037000CBEBD /* Products */ = {
			isa = PBXGroup;
			children = (
				CBD5985724986037000CBEBD /* ChatApp.app */,
				CBD5986D24986040000CBEBD /* ChatAppTests.xctest */,
				CBD5987824986041000CBEBD /* ChatAppUITests.xctest */,
			);
			name = Products;
			sourceTree = "<group>";
		};
		CBD5985924986037000CBEBD /* ChatApp */ = {
			isa = PBXGroup;
			children = (
				CBD5985A24986037000CBEBD /* AppDelegate.swift */,
				CBD5985C24986037000CBEBD /* SceneDelegate.swift */,
				CBD5985E24986037000CBEBD /* ViewController.swift */,
				CBD5986324986040000CBEBD /* Assets.xcassets */,
				CBD5986524986040000CBEBD /* LaunchScreen.storyboard */,
				CBD5986824986040000CBEBD /* Info.plist */,
				43BBB4112499D5C70024F449 /* GoogleService-Info.plist */,
			);
			path = ChatApp;
			sourceTree = "<group>";
		};
		CBD5987024986040000CBEBD /* ChatAppTests */ = {
			isa = PBXGroup;
			children = (
				CBD5987124986041000CBEBD /* ChatAppTests.swift */,
				CBD5987324986041000CBEBD /* Info.plist */,
			);
			path = ChatAppTests;
			sourceTree = "<group>";
		};
		CBD5987B24986041000CBEBD /* ChatAppUITests */ = {
			isa = PBXGroup;
			children = (
				CBD5987C24986041000CBEBD /* ChatAppUITests.swift */,
				CBD5987E24986041000CBEBD /* Info.plist */,
			);
			path = ChatAppUITests;
			sourceTree = "<group>";
		};
		CBD5988A2498620D000CBEBD /* StoryBoards */ = {
			isa = PBXGroup;
			children = (
				CBD5986024986037000CBEBD /* MainSB.storyboard */,
				43BBB437249CA1AE0024F449 /* SettingsSB.storyboard */,
				43BBB4092499D5B80024F449 /* AddContactSB.storyboard */,
				43BBB43D249D6EFD0024F449 /* ChatStoryBoard.storyboard */,
				43BBB40A2499D5B80024F449 /* ChatLogSB.storyboard */,
				43BBB42D249C980D0024F449 /* MainTabStoryboard.storyboard */,
				43BBB42B249C8FCF0024F449 /* ChatSB.storyboard */,
				43BBB429249C42280024F449 /* ContactsSB.storyboard */,
				43BBB4082499D5B80024F449 /* NewGroupSB.storyboard */,
				43BBB4072499D5B80024F449 /* SignInSB.storyboard */,
				43BBB4052499D5B80024F449 /* SignUpSB.storyboard */,
				43BBB4062499D5B80024F449 /* WelcomeScreenSB.storyboard */,
			);
			path = StoryBoards;
			sourceTree = "<group>";
		};
/* End PBXGroup section */

/* Begin PBXNativeTarget section */
		CBD5985624986037000CBEBD /* ChatApp */ = {
			isa = PBXNativeTarget;
			buildConfigurationList = CBD5988124986041000CBEBD /* Build configuration list for PBXNativeTarget "ChatApp" */;
			buildPhases = (
				481A9769FA32F33A17DFE23E /* [CP] Check Pods Manifest.lock */,
				CBD5985324986037000CBEBD /* Sources */,
				CBD5985424986037000CBEBD /* Frameworks */,
				CBD5985524986037000CBEBD /* Resources */,
				3CC22173BC31CB11C4870704 /* [CP] Embed Pods Frameworks */,
			);
			buildRules = (
			);
			dependencies = (
			);
			name = ChatApp;
			productName = ChatApp;
			productReference = CBD5985724986037000CBEBD /* ChatApp.app */;
			productType = "com.apple.product-type.application";
		};
		CBD5986C24986040000CBEBD /* ChatAppTests */ = {
			isa = PBXNativeTarget;
			buildConfigurationList = CBD5988424986041000CBEBD /* Build configuration list for PBXNativeTarget "ChatAppTests" */;
			buildPhases = (
				A76770322768E345AD6900C1 /* [CP] Check Pods Manifest.lock */,
				CBD5986924986040000CBEBD /* Sources */,
				CBD5986A24986040000CBEBD /* Frameworks */,
				CBD5986B24986040000CBEBD /* Resources */,
			);
			buildRules = (
			);
			dependencies = (
				CBD5986F24986040000CBEBD /* PBXTargetDependency */,
			);
			name = ChatAppTests;
			productName = ChatAppTests;
			productReference = CBD5986D24986040000CBEBD /* ChatAppTests.xctest */;
			productType = "com.apple.product-type.bundle.unit-test";
		};
		CBD5987724986041000CBEBD /* ChatAppUITests */ = {
			isa = PBXNativeTarget;
			buildConfigurationList = CBD5988724986041000CBEBD /* Build configuration list for PBXNativeTarget "ChatAppUITests" */;
			buildPhases = (
				44AF2F5F894294642918AC27 /* [CP] Check Pods Manifest.lock */,
				CBD5987424986041000CBEBD /* Sources */,
				CBD5987524986041000CBEBD /* Frameworks */,
				CBD5987624986041000CBEBD /* Resources */,
				AE452A68CB6B19AD96FA927D /* [CP] Embed Pods Frameworks */,
			);
			buildRules = (
			);
			dependencies = (
				CBD5987A24986041000CBEBD /* PBXTargetDependency */,
			);
			name = ChatAppUITests;
			productName = ChatAppUITests;
			productReference = CBD5987824986041000CBEBD /* ChatAppUITests.xctest */;
			productType = "com.apple.product-type.bundle.ui-testing";
		};
/* End PBXNativeTarget section */

/* Begin PBXProject section */
		CBD5984F24986037000CBEBD /* Project object */ = {
			isa = PBXProject;
			attributes = {
				LastSwiftUpdateCheck = 1140;
				LastUpgradeCheck = 1140;
				ORGANIZATIONNAME = "Daramfon Akpan";
				TargetAttributes = {
					CBD5985624986037000CBEBD = {
						CreatedOnToolsVersion = 11.4.1;
					};
					CBD5986C24986040000CBEBD = {
						CreatedOnToolsVersion = 11.4.1;
						TestTargetID = CBD5985624986037000CBEBD;
					};
					CBD5987724986041000CBEBD = {
						CreatedOnToolsVersion = 11.4.1;
						TestTargetID = CBD5985624986037000CBEBD;
					};
				};
			};
			buildConfigurationList = CBD5985224986037000CBEBD /* Build configuration list for PBXProject "ChatApp" */;
			compatibilityVersion = "Xcode 9.3";
			developmentRegion = en;
			hasScannedForEncodings = 0;
			knownRegions = (
				en,
				Base,
			);
			mainGroup = CBD5984E24986037000CBEBD;
			productRefGroup = CBD5985824986037000CBEBD /* Products */;
			projectDirPath = "";
			projectRoot = "";
			targets = (
				CBD5985624986037000CBEBD /* ChatApp */,
				CBD5986C24986040000CBEBD /* ChatAppTests */,
				CBD5987724986041000CBEBD /* ChatAppUITests */,
			);
		};
/* End PBXProject section */

/* Begin PBXResourcesBuildPhase section */
		CBD5985524986037000CBEBD /* Resources */ = {
			isa = PBXResourcesBuildPhase;
			buildActionMask = 2147483647;
			files = (
				CBD5986724986040000CBEBD /* LaunchScreen.storyboard in Resources */,
				43BBB42C249C8FCF0024F449 /* ChatSB.storyboard in Resources */,
				43BBB40F2499D5B80024F449 /* AddContactSB.storyboard in Resources */,
				43BBB40B2499D5B80024F449 /* SignUpSB.storyboard in Resources */,
				43BBB40C2499D5B80024F449 /* WelcomeScreenSB.storyboard in Resources */,
				CBD5986424986040000CBEBD /* Assets.xcassets in Resources */,
				43BBB40E2499D5B80024F449 /* NewGroupSB.storyboard in Resources */,
				43BBB4102499D5B80024F449 /* ChatLogSB.storyboard in Resources */,
				43BBB4122499D5C70024F449 /* GoogleService-Info.plist in Resources */,
				43BBB43E249D6EFD0024F449 /* ChatStoryBoard.storyboard in Resources */,
				CBD5986224986037000CBEBD /* MainSB.storyboard in Resources */,
				43BBB42A249C42280024F449 /* ContactsSB.storyboard in Resources */,
				43BBB421249ABDC60024F449 /* ChatLogCell.xib in Resources */,
				43BBB42E249C980D0024F449 /* MainTabStoryboard.storyboard in Resources */,
				43BBB40D2499D5B80024F449 /* SignInSB.storyboard in Resources */,
				43BBB438249CA1AE0024F449 /* SettingsSB.storyboard in Resources */,
			);
			runOnlyForDeploymentPostprocessing = 0;
		};
		CBD5986B24986040000CBEBD /* Resources */ = {
			isa = PBXResourcesBuildPhase;
			buildActionMask = 2147483647;
			files = (
			);
			runOnlyForDeploymentPostprocessing = 0;
		};
		CBD5987624986041000CBEBD /* Resources */ = {
			isa = PBXResourcesBuildPhase;
			buildActionMask = 2147483647;
			files = (
			);
			runOnlyForDeploymentPostprocessing = 0;
		};
/* End PBXResourcesBuildPhase section */

/* Begin PBXShellScriptBuildPhase section */
		3CC22173BC31CB11C4870704 /* [CP] Embed Pods Frameworks */ = {
			isa = PBXShellScriptBuildPhase;
			buildActionMask = 2147483647;
			files = (
			);
			inputFileListPaths = (
				"${PODS_ROOT}/Target Support Files/Pods-ChatApp/Pods-ChatApp-frameworks-${CONFIGURATION}-input-files.xcfilelist",
			);
			name = "[CP] Embed Pods Frameworks";
			outputFileListPaths = (
				"${PODS_ROOT}/Target Support Files/Pods-ChatApp/Pods-ChatApp-frameworks-${CONFIGURATION}-output-files.xcfilelist",
			);
			runOnlyForDeploymentPostprocessing = 0;
			shellPath = /bin/sh;
			shellScript = "\"${PODS_ROOT}/Target Support Files/Pods-ChatApp/Pods-ChatApp-frameworks.sh\"\n";
			showEnvVarsInLog = 0;
		};
		44AF2F5F894294642918AC27 /* [CP] Check Pods Manifest.lock */ = {
			isa = PBXShellScriptBuildPhase;
			buildActionMask = 2147483647;
			files = (
			);
			inputFileListPaths = (
			);
			inputPaths = (
				"${PODS_PODFILE_DIR_PATH}/Podfile.lock",
				"${PODS_ROOT}/Manifest.lock",
			);
			name = "[CP] Check Pods Manifest.lock";
			outputFileListPaths = (
			);
			outputPaths = (
				"$(DERIVED_FILE_DIR)/Pods-ChatApp-ChatAppUITests-checkManifestLockResult.txt",
			);
			runOnlyForDeploymentPostprocessing = 0;
			shellPath = /bin/sh;
			shellScript = "diff \"${PODS_PODFILE_DIR_PATH}/Podfile.lock\" \"${PODS_ROOT}/Manifest.lock\" > /dev/null\nif [ $? != 0 ] ; then\n    # print error to STDERR\n    echo \"error: The sandbox is not in sync with the Podfile.lock. Run 'pod install' or update your CocoaPods installation.\" >&2\n    exit 1\nfi\n# This output is used by Xcode 'outputs' to avoid re-running this script phase.\necho \"SUCCESS\" > \"${SCRIPT_OUTPUT_FILE_0}\"\n";
			showEnvVarsInLog = 0;
		};
		481A9769FA32F33A17DFE23E /* [CP] Check Pods Manifest.lock */ = {
			isa = PBXShellScriptBuildPhase;
			buildActionMask = 2147483647;
			files = (
			);
			inputFileListPaths = (
			);
			inputPaths = (
				"${PODS_PODFILE_DIR_PATH}/Podfile.lock",
				"${PODS_ROOT}/Manifest.lock",
			);
			name = "[CP] Check Pods Manifest.lock";
			outputFileListPaths = (
			);
			outputPaths = (
				"$(DERIVED_FILE_DIR)/Pods-ChatApp-checkManifestLockResult.txt",
			);
			runOnlyForDeploymentPostprocessing = 0;
			shellPath = /bin/sh;
			shellScript = "diff \"${PODS_PODFILE_DIR_PATH}/Podfile.lock\" \"${PODS_ROOT}/Manifest.lock\" > /dev/null\nif [ $? != 0 ] ; then\n    # print error to STDERR\n    echo \"error: The sandbox is not in sync with the Podfile.lock. Run 'pod install' or update your CocoaPods installation.\" >&2\n    exit 1\nfi\n# This output is used by Xcode 'outputs' to avoid re-running this script phase.\necho \"SUCCESS\" > \"${SCRIPT_OUTPUT_FILE_0}\"\n";
			showEnvVarsInLog = 0;
		};
		A76770322768E345AD6900C1 /* [CP] Check Pods Manifest.lock */ = {
			isa = PBXShellScriptBuildPhase;
			buildActionMask = 2147483647;
			files = (
			);
			inputFileListPaths = (
			);
			inputPaths = (
				"${PODS_PODFILE_DIR_PATH}/Podfile.lock",
				"${PODS_ROOT}/Manifest.lock",
			);
			name = "[CP] Check Pods Manifest.lock";
			outputFileListPaths = (
			);
			outputPaths = (
				"$(DERIVED_FILE_DIR)/Pods-ChatAppTests-checkManifestLockResult.txt",
			);
			runOnlyForDeploymentPostprocessing = 0;
			shellPath = /bin/sh;
			shellScript = "diff \"${PODS_PODFILE_DIR_PATH}/Podfile.lock\" \"${PODS_ROOT}/Manifest.lock\" > /dev/null\nif [ $? != 0 ] ; then\n    # print error to STDERR\n    echo \"error: The sandbox is not in sync with the Podfile.lock. Run 'pod install' or update your CocoaPods installation.\" >&2\n    exit 1\nfi\n# This output is used by Xcode 'outputs' to avoid re-running this script phase.\necho \"SUCCESS\" > \"${SCRIPT_OUTPUT_FILE_0}\"\n";
			showEnvVarsInLog = 0;
		};
		AE452A68CB6B19AD96FA927D /* [CP] Embed Pods Frameworks */ = {
			isa = PBXShellScriptBuildPhase;
			buildActionMask = 2147483647;
			files = (
			);
			inputFileListPaths = (
				"${PODS_ROOT}/Target Support Files/Pods-ChatApp-ChatAppUITests/Pods-ChatApp-ChatAppUITests-frameworks-${CONFIGURATION}-input-files.xcfilelist",
			);
			name = "[CP] Embed Pods Frameworks";
			outputFileListPaths = (
				"${PODS_ROOT}/Target Support Files/Pods-ChatApp-ChatAppUITests/Pods-ChatApp-ChatAppUITests-frameworks-${CONFIGURATION}-output-files.xcfilelist",
			);
			runOnlyForDeploymentPostprocessing = 0;
			shellPath = /bin/sh;
			shellScript = "\"${PODS_ROOT}/Target Support Files/Pods-ChatApp-ChatAppUITests/Pods-ChatApp-ChatAppUITests-frameworks.sh\"\n";
			showEnvVarsInLog = 0;
		};
/* End PBXShellScriptBuildPhase section */

/* Begin PBXSourcesBuildPhase section */
		CBD5985324986037000CBEBD /* Sources */ = {
			isa = PBXSourcesBuildPhase;
			buildActionMask = 2147483647;
			files = (
				CBD5985F24986037000CBEBD /* ViewController.swift in Sources */,
				CBD5985B24986037000CBEBD /* AppDelegate.swift in Sources */,
				43BBB420249ABDC60024F449 /* ChatLogVC.swift in Sources */,
				43BBB419249A7B910024F449 /* Git.swift in Sources */,
				43BBB433249C99B80024F449 /* SignInVC.swift in Sources */,
				43BBB4142499D5D10024F449 /* ebuka-FireService.swift in Sources */,
				43BBB426249B0EE70024F449 /* Message.swift in Sources */,
				CBD5985D24986037000CBEBD /* SceneDelegate.swift in Sources */,
				43BBB436249C9E1C0024F449 /* Validate.swift in Sources */,
				43BBB428249B13EA0024F449 /* User.swift in Sources */,
				43BBB422249ABDC60024F449 /* ChatLogCell.swift in Sources */,
				2D1B08AC249D9EF30028A6A7 /* ramzi-FireService.swift in Sources */,
				439F5AD82499A9DC00D06BCF /* FireService.swift in Sources */,
			);
			runOnlyForDeploymentPostprocessing = 0;
		};
		CBD5986924986040000CBEBD /* Sources */ = {
			isa = PBXSourcesBuildPhase;
			buildActionMask = 2147483647;
			files = (
				CBD5987224986041000CBEBD /* ChatAppTests.swift in Sources */,
				2D1B08AD249D9EF30028A6A7 /* ramzi-FireService.swift in Sources */,
			);
			runOnlyForDeploymentPostprocessing = 0;
		};
		CBD5987424986041000CBEBD /* Sources */ = {
			isa = PBXSourcesBuildPhase;
			buildActionMask = 2147483647;
			files = (
				CBD5987D24986041000CBEBD /* ChatAppUITests.swift in Sources */,
				2D1B08AE249D9EF30028A6A7 /* ramzi-FireService.swift in Sources */,
			);
			runOnlyForDeploymentPostprocessing = 0;
		};
/* End PBXSourcesBuildPhase section */

/* Begin PBXTargetDependency section */
		CBD5986F24986040000CBEBD /* PBXTargetDependency */ = {
			isa = PBXTargetDependency;
			target = CBD5985624986037000CBEBD /* ChatApp */;
			targetProxy = CBD5986E24986040000CBEBD /* PBXContainerItemProxy */;
		};
		CBD5987A24986041000CBEBD /* PBXTargetDependency */ = {
			isa = PBXTargetDependency;
			target = CBD5985624986037000CBEBD /* ChatApp */;
			targetProxy = CBD5987924986041000CBEBD /* PBXContainerItemProxy */;
		};
/* End PBXTargetDependency section */

/* Begin PBXVariantGroup section */
		CBD5986024986037000CBEBD /* MainSB.storyboard */ = {
			isa = PBXVariantGroup;
			children = (
				CBD5986124986037000CBEBD /* Base */,
			);
			name = MainSB.storyboard;
			sourceTree = "<group>";
		};
		CBD5986524986040000CBEBD /* LaunchScreen.storyboard */ = {
			isa = PBXVariantGroup;
			children = (
				CBD5986624986040000CBEBD /* Base */,
			);
			name = LaunchScreen.storyboard;
			sourceTree = "<group>";
		};
/* End PBXVariantGroup section */

/* Begin XCBuildConfiguration section */
		CBD5987F24986041000CBEBD /* Debug */ = {
			isa = XCBuildConfiguration;
			buildSettings = {
				ALWAYS_SEARCH_USER_PATHS = NO;
				CLANG_ANALYZER_NONNULL = YES;
				CLANG_ANALYZER_NUMBER_OBJECT_CONVERSION = YES_AGGRESSIVE;
				CLANG_CXX_LANGUAGE_STANDARD = "gnu++14";
				CLANG_CXX_LIBRARY = "libc++";
				CLANG_ENABLE_MODULES = YES;
				CLANG_ENABLE_OBJC_ARC = YES;
				CLANG_ENABLE_OBJC_WEAK = YES;
				CLANG_WARN_BLOCK_CAPTURE_AUTORELEASING = YES;
				CLANG_WARN_BOOL_CONVERSION = YES;
				CLANG_WARN_COMMA = YES;
				CLANG_WARN_CONSTANT_CONVERSION = YES;
				CLANG_WARN_DEPRECATED_OBJC_IMPLEMENTATIONS = YES;
				CLANG_WARN_DIRECT_OBJC_ISA_USAGE = YES_ERROR;
				CLANG_WARN_DOCUMENTATION_COMMENTS = YES;
				CLANG_WARN_EMPTY_BODY = YES;
				CLANG_WARN_ENUM_CONVERSION = YES;
				CLANG_WARN_INFINITE_RECURSION = YES;
				CLANG_WARN_INT_CONVERSION = YES;
				CLANG_WARN_NON_LITERAL_NULL_CONVERSION = YES;
				CLANG_WARN_OBJC_IMPLICIT_RETAIN_SELF = YES;
				CLANG_WARN_OBJC_LITERAL_CONVERSION = YES;
				CLANG_WARN_OBJC_ROOT_CLASS = YES_ERROR;
				CLANG_WARN_RANGE_LOOP_ANALYSIS = YES;
				CLANG_WARN_STRICT_PROTOTYPES = YES;
				CLANG_WARN_SUSPICIOUS_MOVE = YES;
				CLANG_WARN_UNGUARDED_AVAILABILITY = YES_AGGRESSIVE;
				CLANG_WARN_UNREACHABLE_CODE = YES;
				CLANG_WARN__DUPLICATE_METHOD_MATCH = YES;
				COPY_PHASE_STRIP = NO;
				DEBUG_INFORMATION_FORMAT = dwarf;
				ENABLE_STRICT_OBJC_MSGSEND = YES;
				ENABLE_TESTABILITY = YES;
				GCC_C_LANGUAGE_STANDARD = gnu11;
				GCC_DYNAMIC_NO_PIC = NO;
				GCC_NO_COMMON_BLOCKS = YES;
				GCC_OPTIMIZATION_LEVEL = 0;
				GCC_PREPROCESSOR_DEFINITIONS = (
					"DEBUG=1",
					"$(inherited)",
				);
				GCC_WARN_64_TO_32_BIT_CONVERSION = YES;
				GCC_WARN_ABOUT_RETURN_TYPE = YES_ERROR;
				GCC_WARN_UNDECLARED_SELECTOR = YES;
				GCC_WARN_UNINITIALIZED_AUTOS = YES_AGGRESSIVE;
				GCC_WARN_UNUSED_FUNCTION = YES;
				GCC_WARN_UNUSED_VARIABLE = YES;
				IPHONEOS_DEPLOYMENT_TARGET = 13.4;
				MTL_ENABLE_DEBUG_INFO = INCLUDE_SOURCE;
				MTL_FAST_MATH = YES;
				ONLY_ACTIVE_ARCH = YES;
				SDKROOT = iphoneos;
				SWIFT_ACTIVE_COMPILATION_CONDITIONS = DEBUG;
				SWIFT_OPTIMIZATION_LEVEL = "-Onone";
			};
			name = Debug;
		};
		CBD5988024986041000CBEBD /* Release */ = {
			isa = XCBuildConfiguration;
			buildSettings = {
				ALWAYS_SEARCH_USER_PATHS = NO;
				CLANG_ANALYZER_NONNULL = YES;
				CLANG_ANALYZER_NUMBER_OBJECT_CONVERSION = YES_AGGRESSIVE;
				CLANG_CXX_LANGUAGE_STANDARD = "gnu++14";
				CLANG_CXX_LIBRARY = "libc++";
				CLANG_ENABLE_MODULES = YES;
				CLANG_ENABLE_OBJC_ARC = YES;
				CLANG_ENABLE_OBJC_WEAK = YES;
				CLANG_WARN_BLOCK_CAPTURE_AUTORELEASING = YES;
				CLANG_WARN_BOOL_CONVERSION = YES;
				CLANG_WARN_COMMA = YES;
				CLANG_WARN_CONSTANT_CONVERSION = YES;
				CLANG_WARN_DEPRECATED_OBJC_IMPLEMENTATIONS = YES;
				CLANG_WARN_DIRECT_OBJC_ISA_USAGE = YES_ERROR;
				CLANG_WARN_DOCUMENTATION_COMMENTS = YES;
				CLANG_WARN_EMPTY_BODY = YES;
				CLANG_WARN_ENUM_CONVERSION = YES;
				CLANG_WARN_INFINITE_RECURSION = YES;
				CLANG_WARN_INT_CONVERSION = YES;
				CLANG_WARN_NON_LITERAL_NULL_CONVERSION = YES;
				CLANG_WARN_OBJC_IMPLICIT_RETAIN_SELF = YES;
				CLANG_WARN_OBJC_LITERAL_CONVERSION = YES;
				CLANG_WARN_OBJC_ROOT_CLASS = YES_ERROR;
				CLANG_WARN_RANGE_LOOP_ANALYSIS = YES;
				CLANG_WARN_STRICT_PROTOTYPES = YES;
				CLANG_WARN_SUSPICIOUS_MOVE = YES;
				CLANG_WARN_UNGUARDED_AVAILABILITY = YES_AGGRESSIVE;
				CLANG_WARN_UNREACHABLE_CODE = YES;
				CLANG_WARN__DUPLICATE_METHOD_MATCH = YES;
				COPY_PHASE_STRIP = NO;
				DEBUG_INFORMATION_FORMAT = "dwarf-with-dsym";
				ENABLE_NS_ASSERTIONS = NO;
				ENABLE_STRICT_OBJC_MSGSEND = YES;
				GCC_C_LANGUAGE_STANDARD = gnu11;
				GCC_NO_COMMON_BLOCKS = YES;
				GCC_WARN_64_TO_32_BIT_CONVERSION = YES;
				GCC_WARN_ABOUT_RETURN_TYPE = YES_ERROR;
				GCC_WARN_UNDECLARED_SELECTOR = YES;
				GCC_WARN_UNINITIALIZED_AUTOS = YES_AGGRESSIVE;
				GCC_WARN_UNUSED_FUNCTION = YES;
				GCC_WARN_UNUSED_VARIABLE = YES;
				IPHONEOS_DEPLOYMENT_TARGET = 13.4;
				MTL_ENABLE_DEBUG_INFO = NO;
				MTL_FAST_MATH = YES;
				SDKROOT = iphoneos;
				SWIFT_COMPILATION_MODE = wholemodule;
				SWIFT_OPTIMIZATION_LEVEL = "-O";
				VALIDATE_PRODUCT = YES;
			};
			name = Release;
		};
		CBD5988224986041000CBEBD /* Debug */ = {
			isa = XCBuildConfiguration;
			baseConfigurationReference = 2A313512E9052DFF8993A3F9 /* Pods-ChatApp.debug.xcconfig */;
			buildSettings = {
				ASSETCATALOG_COMPILER_APPICON_NAME = AppIcon;
				CODE_SIGN_STYLE = Automatic;
				DEVELOPMENT_TEAM = 9BEUBEN9L7;
				INFOPLIST_FILE = ChatApp/Info.plist;
				LD_RUNPATH_SEARCH_PATHS = (
					"$(inherited)",
					"@executable_path/Frameworks",
				);
				PRODUCT_BUNDLE_IDENTIFIER = com.DaramfonAkpan.ChatApp;
				PRODUCT_NAME = "$(TARGET_NAME)";
				SWIFT_VERSION = 5.0;
				TARGETED_DEVICE_FAMILY = "1,2";
			};
			name = Debug;
		};
		CBD5988324986041000CBEBD /* Release */ = {
			isa = XCBuildConfiguration;
			baseConfigurationReference = EAEF67A16F9D21C888FD2019 /* Pods-ChatApp.release.xcconfig */;
			buildSettings = {
				ASSETCATALOG_COMPILER_APPICON_NAME = AppIcon;
				CODE_SIGN_STYLE = Automatic;
				DEVELOPMENT_TEAM = 9BEUBEN9L7;
				INFOPLIST_FILE = ChatApp/Info.plist;
				LD_RUNPATH_SEARCH_PATHS = (
					"$(inherited)",
					"@executable_path/Frameworks",
				);
				PRODUCT_BUNDLE_IDENTIFIER = com.DaramfonAkpan.ChatApp;
				PRODUCT_NAME = "$(TARGET_NAME)";
				SWIFT_VERSION = 5.0;
				TARGETED_DEVICE_FAMILY = "1,2";
			};
			name = Release;
		};
		CBD5988524986041000CBEBD /* Debug */ = {
			isa = XCBuildConfiguration;
			baseConfigurationReference = 0A7DE9360EE34B4BF535D3E6 /* Pods-ChatAppTests.debug.xcconfig */;
			buildSettings = {
				ALWAYS_EMBED_SWIFT_STANDARD_LIBRARIES = YES;
				BUNDLE_LOADER = "$(TEST_HOST)";
				CODE_SIGN_STYLE = Automatic;
				DEVELOPMENT_TEAM = 9BEUBEN9L7;
				INFOPLIST_FILE = ChatAppTests/Info.plist;
				IPHONEOS_DEPLOYMENT_TARGET = 13.4;
				LD_RUNPATH_SEARCH_PATHS = (
					"$(inherited)",
					"@executable_path/Frameworks",
					"@loader_path/Frameworks",
				);
				PRODUCT_BUNDLE_IDENTIFIER = com.DaramfonAkpan.ChatAppTests;
				PRODUCT_NAME = "$(TARGET_NAME)";
				SWIFT_VERSION = 5.0;
				TARGETED_DEVICE_FAMILY = "1,2";
				TEST_HOST = "$(BUILT_PRODUCTS_DIR)/ChatApp.app/ChatApp";
			};
			name = Debug;
		};
		CBD5988624986041000CBEBD /* Release */ = {
			isa = XCBuildConfiguration;
			baseConfigurationReference = 30A603C1DA64CF44CDDDE161 /* Pods-ChatAppTests.release.xcconfig */;
			buildSettings = {
				ALWAYS_EMBED_SWIFT_STANDARD_LIBRARIES = YES;
				BUNDLE_LOADER = "$(TEST_HOST)";
				CODE_SIGN_STYLE = Automatic;
				DEVELOPMENT_TEAM = 9BEUBEN9L7;
				INFOPLIST_FILE = ChatAppTests/Info.plist;
				IPHONEOS_DEPLOYMENT_TARGET = 13.4;
				LD_RUNPATH_SEARCH_PATHS = (
					"$(inherited)",
					"@executable_path/Frameworks",
					"@loader_path/Frameworks",
				);
				PRODUCT_BUNDLE_IDENTIFIER = com.DaramfonAkpan.ChatAppTests;
				PRODUCT_NAME = "$(TARGET_NAME)";
				SWIFT_VERSION = 5.0;
				TARGETED_DEVICE_FAMILY = "1,2";
				TEST_HOST = "$(BUILT_PRODUCTS_DIR)/ChatApp.app/ChatApp";
			};
			name = Release;
		};
		CBD5988824986041000CBEBD /* Debug */ = {
			isa = XCBuildConfiguration;
			baseConfigurationReference = E124EAA85E605ED11E2C09BC /* Pods-ChatApp-ChatAppUITests.debug.xcconfig */;
			buildSettings = {
				ALWAYS_EMBED_SWIFT_STANDARD_LIBRARIES = YES;
				CODE_SIGN_STYLE = Automatic;
				DEVELOPMENT_TEAM = 9BEUBEN9L7;
				INFOPLIST_FILE = ChatAppUITests/Info.plist;
				LD_RUNPATH_SEARCH_PATHS = (
					"$(inherited)",
					"@executable_path/Frameworks",
					"@loader_path/Frameworks",
				);
				PRODUCT_BUNDLE_IDENTIFIER = com.DaramfonAkpan.ChatAppUITests;
				PRODUCT_NAME = "$(TARGET_NAME)";
				SWIFT_VERSION = 5.0;
				TARGETED_DEVICE_FAMILY = "1,2";
				TEST_TARGET_NAME = ChatApp;
			};
			name = Debug;
		};
		CBD5988924986041000CBEBD /* Release */ = {
			isa = XCBuildConfiguration;
			baseConfigurationReference = 6B2AD9233536C88847F0E6B3 /* Pods-ChatApp-ChatAppUITests.release.xcconfig */;
			buildSettings = {
				ALWAYS_EMBED_SWIFT_STANDARD_LIBRARIES = YES;
				CODE_SIGN_STYLE = Automatic;
				DEVELOPMENT_TEAM = 9BEUBEN9L7;
				INFOPLIST_FILE = ChatAppUITests/Info.plist;
				LD_RUNPATH_SEARCH_PATHS = (
					"$(inherited)",
					"@executable_path/Frameworks",
					"@loader_path/Frameworks",
				);
				PRODUCT_BUNDLE_IDENTIFIER = com.DaramfonAkpan.ChatAppUITests;
				PRODUCT_NAME = "$(TARGET_NAME)";
				SWIFT_VERSION = 5.0;
				TARGETED_DEVICE_FAMILY = "1,2";
				TEST_TARGET_NAME = ChatApp;
			};
			name = Release;
		};
/* End XCBuildConfiguration section */

/* Begin XCConfigurationList section */
		CBD5985224986037000CBEBD /* Build configuration list for PBXProject "ChatApp" */ = {
			isa = XCConfigurationList;
			buildConfigurations = (
				CBD5987F24986041000CBEBD /* Debug */,
				CBD5988024986041000CBEBD /* Release */,
			);
			defaultConfigurationIsVisible = 0;
			defaultConfigurationName = Release;
		};
		CBD5988124986041000CBEBD /* Build configuration list for PBXNativeTarget "ChatApp" */ = {
			isa = XCConfigurationList;
			buildConfigurations = (
				CBD5988224986041000CBEBD /* Debug */,
				CBD5988324986041000CBEBD /* Release */,
			);
			defaultConfigurationIsVisible = 0;
			defaultConfigurationName = Release;
		};
		CBD5988424986041000CBEBD /* Build configuration list for PBXNativeTarget "ChatAppTests" */ = {
			isa = XCConfigurationList;
			buildConfigurations = (
				CBD5988524986041000CBEBD /* Debug */,
				CBD5988624986041000CBEBD /* Release */,
			);
			defaultConfigurationIsVisible = 0;
			defaultConfigurationName = Release;
		};
		CBD5988724986041000CBEBD /* Build configuration list for PBXNativeTarget "ChatAppUITests" */ = {
			isa = XCConfigurationList;
			buildConfigurations = (
				CBD5988824986041000CBEBD /* Debug */,
				CBD5988924986041000CBEBD /* Release */,
			);
			defaultConfigurationIsVisible = 0;
			defaultConfigurationName = Release;
		};
/* End XCConfigurationList section */
	};
	rootObject = CBD5984F24986037000CBEBD /* Project object */;
}
