// !$*UTF8*$!
{
	archiveVersion = 1;
	classes = {
	};
	objectVersion = 51;
	objects = {

/* Begin PBXBuildFile section */
		0F38CBB6D530EE0CF7E799DA /* Pods_ChatApp_ChatAppUITests.framework in Frameworks */ = {isa = PBXBuildFile; fileRef = 8E316759D33345778EA1E5A9 /* Pods_ChatApp_ChatAppUITests.framework */; };
		0FD94BF3403CF4DC0023B48A /* Pods_ChatAppTests.framework in Frameworks */ = {isa = PBXBuildFile; fileRef = 8084DFB8F5A5149689E4EDC2 /* Pods_ChatAppTests.framework */; };
		439F5AD82499A9DC00D06BCF /* FireService.swift in Sources */ = {isa = PBXBuildFile; fileRef = 439F5AD72499A9DB00D06BCF /* FireService.swift */; };
		43BBB40B2499D5B80024F449 /* SignUpSB.storyboard in Resources */ = {isa = PBXBuildFile; fileRef = 43BBB4052499D5B80024F449 /* SignUpSB.storyboard */; };
		43BBB40C2499D5B80024F449 /* WelcomeScreen.storyboard in Resources */ = {isa = PBXBuildFile; fileRef = 43BBB4062499D5B80024F449 /* WelcomeScreen.storyboard */; };
		43BBB40D2499D5B80024F449 /* SignInStoryboard.storyboard in Resources */ = {isa = PBXBuildFile; fileRef = 43BBB4072499D5B80024F449 /* SignInStoryboard.storyboard */; };
		43BBB40E2499D5B80024F449 /* NewGroup.storyboard in Resources */ = {isa = PBXBuildFile; fileRef = 43BBB4082499D5B80024F449 /* NewGroup.storyboard */; };
		43BBB40F2499D5B80024F449 /* AddContact.storyboard in Resources */ = {isa = PBXBuildFile; fileRef = 43BBB4092499D5B80024F449 /* AddContact.storyboard */; };
		43BBB4102499D5B80024F449 /* ChatLogSB.storyboard in Resources */ = {isa = PBXBuildFile; fileRef = 43BBB40A2499D5B80024F449 /* ChatLogSB.storyboard */; };
		43BBB4122499D5C70024F449 /* GoogleService-Info.plist in Resources */ = {isa = PBXBuildFile; fileRef = 43BBB4112499D5C70024F449 /* GoogleService-Info.plist */; };
		43BBB4142499D5D10024F449 /* ebuka-FireService.swift in Sources */ = {isa = PBXBuildFile; fileRef = 43BBB4132499D5D10024F449 /* ebuka-FireService.swift */; };
		43BBB4162499D5DC0024F449 /* Views in Resources */ = {isa = PBXBuildFile; fileRef = 43BBB4152499D5DC0024F449 /* Views */; };
		43BBB419249A7B910024F449 /* Git.swift in Sources */ = {isa = PBXBuildFile; fileRef = 43BBB418249A7B910024F449 /* Git.swift */; };
		9E0E64CFF272B924FD7D39A9 /* Pods_ChatApp.framework in Frameworks */ = {isa = PBXBuildFile; fileRef = 8930E87DE8B25EF10B1AA643 /* Pods_ChatApp.framework */; };
		CB72CBCD249CA04F000F97C4 /* ChatStoryBoard.storyboard in Resources */ = {isa = PBXBuildFile; fileRef = CB72CBCC249CA04F000F97C4 /* ChatStoryBoard.storyboard */; };
		CBD5985B24986037000CBEBD /* AppDelegate.swift in Sources */ = {isa = PBXBuildFile; fileRef = CBD5985A24986037000CBEBD /* AppDelegate.swift */; };
		CBD5985D24986037000CBEBD /* SceneDelegate.swift in Sources */ = {isa = PBXBuildFile; fileRef = CBD5985C24986037000CBEBD /* SceneDelegate.swift */; };
		CBD5985F24986037000CBEBD /* ViewController.swift in Sources */ = {isa = PBXBuildFile; fileRef = CBD5985E24986037000CBEBD /* ViewController.swift */; };
		CBD5986224986037000CBEBD /* Main.storyboard in Resources */ = {isa = PBXBuildFile; fileRef = CBD5986024986037000CBEBD /* Main.storyboard */; };
		CBD5986424986040000CBEBD /* Assets.xcassets in Resources */ = {isa = PBXBuildFile; fileRef = CBD5986324986040000CBEBD /* Assets.xcassets */; };
		CBD5986724986040000CBEBD /* LaunchScreen.storyboard in Resources */ = {isa = PBXBuildFile; fileRef = CBD5986524986040000CBEBD /* LaunchScreen.storyboard */; };
		CBD5987224986041000CBEBD /* ChatAppTests.swift in Sources */ = {isa = PBXBuildFile; fileRef = CBD5987124986041000CBEBD /* ChatAppTests.swift */; };
		CBD5987D24986041000CBEBD /* ChatAppUITests.swift in Sources */ = {isa = PBXBuildFile; fileRef = CBD5987C24986041000CBEBD /* ChatAppUITests.swift */; };
/* End PBXBuildFile section */

/* Begin PBXContainerItemProxy section */
		CBD5986E24986040000CBEBD /* PBXContainerItemProxy */ = {
			isa = PBXContainerItemProxy;
			containerPortal = CBD5984F24986037000CBEBD /* Project object */;
			proxyType = 1;
			remoteGlobalIDString = CBD5985624986037000CBEBD;
			remoteInfo = ChatApp;
		};
		CBD5987924986041000CBEBD /* PBXContainerItemProxy */ = {
			isa = PBXContainerItemProxy;
			containerPortal = CBD5984F24986037000CBEBD /* Project object */;
			proxyType = 1;
			remoteGlobalIDString = CBD5985624986037000CBEBD;
			remoteInfo = ChatApp;
		};
/* End PBXContainerItemProxy section */

/* Begin PBXFileReference section */
		26E687ADA940B6FF14540252 /* Pods-ChatAppTests.debug.xcconfig */ = {isa = PBXFileReference; includeInIndex = 1; lastKnownFileType = text.xcconfig; name = "Pods-ChatAppTests.debug.xcconfig"; path = "Target Support Files/Pods-ChatAppTests/Pods-ChatAppTests.debug.xcconfig"; sourceTree = "<group>"; };
		439F5AD72499A9DB00D06BCF /* FireService.swift */ = {isa = PBXFileReference; lastKnownFileType = sourcecode.swift; path = FireService.swift; sourceTree = "<group>"; };
		43BBB4052499D5B80024F449 /* SignUpSB.storyboard */ = {isa = PBXFileReference; fileEncoding = 4; lastKnownFileType = file.storyboard; path = SignUpSB.storyboard; sourceTree = "<group>"; };
		43BBB4062499D5B80024F449 /* WelcomeScreen.storyboard */ = {isa = PBXFileReference; fileEncoding = 4; lastKnownFileType = file.storyboard; path = WelcomeScreen.storyboard; sourceTree = "<group>"; };
		43BBB4072499D5B80024F449 /* SignInStoryboard.storyboard */ = {isa = PBXFileReference; fileEncoding = 4; lastKnownFileType = file.storyboard; path = SignInStoryboard.storyboard; sourceTree = "<group>"; };
		43BBB4082499D5B80024F449 /* NewGroup.storyboard */ = {isa = PBXFileReference; fileEncoding = 4; lastKnownFileType = file.storyboard; path = NewGroup.storyboard; sourceTree = "<group>"; };
		43BBB4092499D5B80024F449 /* AddContact.storyboard */ = {isa = PBXFileReference; fileEncoding = 4; lastKnownFileType = file.storyboard; path = AddContact.storyboard; sourceTree = "<group>"; };
		43BBB40A2499D5B80024F449 /* ChatLogSB.storyboard */ = {isa = PBXFileReference; fileEncoding = 4; lastKnownFileType = file.storyboard; path = ChatLogSB.storyboard; sourceTree = "<group>"; };
		43BBB4112499D5C70024F449 /* GoogleService-Info.plist */ = {isa = PBXFileReference; fileEncoding = 4; lastKnownFileType = text.plist.xml; path = "GoogleService-Info.plist"; sourceTree = "<group>"; };
		43BBB4132499D5D10024F449 /* ebuka-FireService.swift */ = {isa = PBXFileReference; fileEncoding = 4; lastKnownFileType = sourcecode.swift; path = "ebuka-FireService.swift"; sourceTree = "<group>"; };
		43BBB4152499D5DC0024F449 /* Views */ = {isa = PBXFileReference; lastKnownFileType = folder; path = Views; sourceTree = "<group>"; };
		43BBB418249A7B910024F449 /* Git.swift */ = {isa = PBXFileReference; lastKnownFileType = sourcecode.swift; path = Git.swift; sourceTree = "<group>"; };
		4856E1272A8AE7DA4C9AD2BA /* Pods-ChatApp-ChatAppUITests.release.xcconfig */ = {isa = PBXFileReference; includeInIndex = 1; lastKnownFileType = text.xcconfig; name = "Pods-ChatApp-ChatAppUITests.release.xcconfig"; path = "Target Support Files/Pods-ChatApp-ChatAppUITests/Pods-ChatApp-ChatAppUITests.release.xcconfig"; sourceTree = "<group>"; };
		73BE946632D4127ED87B92D4 /* Pods-ChatApp-ChatAppUITests.debug.xcconfig */ = {isa = PBXFileReference; includeInIndex = 1; lastKnownFileType = text.xcconfig; name = "Pods-ChatApp-ChatAppUITests.debug.xcconfig"; path = "Target Support Files/Pods-ChatApp-ChatAppUITests/Pods-ChatApp-ChatAppUITests.debug.xcconfig"; sourceTree = "<group>"; };
		8084DFB8F5A5149689E4EDC2 /* Pods_ChatAppTests.framework */ = {isa = PBXFileReference; explicitFileType = wrapper.framework; includeInIndex = 0; path = Pods_ChatAppTests.framework; sourceTree = BUILT_PRODUCTS_DIR; };
		8930E87DE8B25EF10B1AA643 /* Pods_ChatApp.framework */ = {isa = PBXFileReference; explicitFileType = wrapper.framework; includeInIndex = 0; path = Pods_ChatApp.framework; sourceTree = BUILT_PRODUCTS_DIR; };
		8E316759D33345778EA1E5A9 /* Pods_ChatApp_ChatAppUITests.framework */ = {isa = PBXFileReference; explicitFileType = wrapper.framework; includeInIndex = 0; path = Pods_ChatApp_ChatAppUITests.framework; sourceTree = BUILT_PRODUCTS_DIR; };
		973207865591591D9857D3B2 /* Pods-ChatApp.release.xcconfig */ = {isa = PBXFileReference; includeInIndex = 1; lastKnownFileType = text.xcconfig; name = "Pods-ChatApp.release.xcconfig"; path = "Target Support Files/Pods-ChatApp/Pods-ChatApp.release.xcconfig"; sourceTree = "<group>"; };
		BD8EF8BFDCFC3B308F506894 /* Pods-ChatApp.debug.xcconfig */ = {isa = PBXFileReference; includeInIndex = 1; lastKnownFileType = text.xcconfig; name = "Pods-ChatApp.debug.xcconfig"; path = "Target Support Files/Pods-ChatApp/Pods-ChatApp.debug.xcconfig"; sourceTree = "<group>"; };
		C07BF6EE33C5A87E9FBE80C7 /* Pods-ChatAppTests.release.xcconfig */ = {isa = PBXFileReference; includeInIndex = 1; lastKnownFileType = text.xcconfig; name = "Pods-ChatAppTests.release.xcconfig"; path = "Target Support Files/Pods-ChatAppTests/Pods-ChatAppTests.release.xcconfig"; sourceTree = "<group>"; };
		CB72CBCC249CA04F000F97C4 /* ChatStoryBoard.storyboard */ = {isa = PBXFileReference; lastKnownFileType = file.storyboard; path = ChatStoryBoard.storyboard; sourceTree = "<group>"; };
		CBD5985724986037000CBEBD /* ChatApp.app */ = {isa = PBXFileReference; explicitFileType = wrapper.application; includeInIndex = 0; path = ChatApp.app; sourceTree = BUILT_PRODUCTS_DIR; };
		CBD5985A24986037000CBEBD /* AppDelegate.swift */ = {isa = PBXFileReference; lastKnownFileType = sourcecode.swift; path = AppDelegate.swift; sourceTree = "<group>"; };
		CBD5985C24986037000CBEBD /* SceneDelegate.swift */ = {isa = PBXFileReference; lastKnownFileType = sourcecode.swift; path = SceneDelegate.swift; sourceTree = "<group>"; };
		CBD5985E24986037000CBEBD /* ViewController.swift */ = {isa = PBXFileReference; lastKnownFileType = sourcecode.swift; path = ViewController.swift; sourceTree = "<group>"; };
		CBD5986124986037000CBEBD /* Base */ = {isa = PBXFileReference; lastKnownFileType = file.storyboard; name = Base; path = Base.lproj/Main.storyboard; sourceTree = "<group>"; };
		CBD5986324986040000CBEBD /* Assets.xcassets */ = {isa = PBXFileReference; lastKnownFileType = folder.assetcatalog; path = Assets.xcassets; sourceTree = "<group>"; };
		CBD5986624986040000CBEBD /* Base */ = {isa = PBXFileReference; lastKnownFileType = file.storyboard; name = Base; path = Base.lproj/LaunchScreen.storyboard; sourceTree = "<group>"; };
		CBD5986824986040000CBEBD /* Info.plist */ = {isa = PBXFileReference; lastKnownFileType = text.plist.xml; path = Info.plist; sourceTree = "<group>"; };
		CBD5986D24986040000CBEBD /* ChatAppTests.xctest */ = {isa = PBXFileReference; explicitFileType = wrapper.cfbundle; includeInIndex = 0; path = ChatAppTests.xctest; sourceTree = BUILT_PRODUCTS_DIR; };
		CBD5987124986041000CBEBD /* ChatAppTests.swift */ = {isa = PBXFileReference; lastKnownFileType = sourcecode.swift; path = ChatAppTests.swift; sourceTree = "<group>"; };
		CBD5987324986041000CBEBD /* Info.plist */ = {isa = PBXFileReference; lastKnownFileType = text.plist.xml; path = Info.plist; sourceTree = "<group>"; };
		CBD5987824986041000CBEBD /* ChatAppUITests.xctest */ = {isa = PBXFileReference; explicitFileType = wrapper.cfbundle; includeInIndex = 0; path = ChatAppUITests.xctest; sourceTree = BUILT_PRODUCTS_DIR; };
		CBD5987C24986041000CBEBD /* ChatAppUITests.swift */ = {isa = PBXFileReference; lastKnownFileType = sourcecode.swift; path = ChatAppUITests.swift; sourceTree = "<group>"; };
		CBD5987E24986041000CBEBD /* Info.plist */ = {isa = PBXFileReference; lastKnownFileType = text.plist.xml; path = Info.plist; sourceTree = "<group>"; };
/* End PBXFileReference section */

/* Begin PBXFrameworksBuildPhase section */
		CBD5985424986037000CBEBD /* Frameworks */ = {
			isa = PBXFrameworksBuildPhase;
			buildActionMask = 2147483647;
			files = (
				9E0E64CFF272B924FD7D39A9 /* Pods_ChatApp.framework in Frameworks */,
			);
			runOnlyForDeploymentPostprocessing = 0;
		};
		CBD5986A24986040000CBEBD /* Frameworks */ = {
			isa = PBXFrameworksBuildPhase;
			buildActionMask = 2147483647;
			files = (
				0FD94BF3403CF4DC0023B48A /* Pods_ChatAppTests.framework in Frameworks */,
			);
			runOnlyForDeploymentPostprocessing = 0;
		};
		CBD5987524986041000CBEBD /* Frameworks */ = {
			isa = PBXFrameworksBuildPhase;
			buildActionMask = 2147483647;
			files = (
				0F38CBB6D530EE0CF7E799DA /* Pods_ChatApp_ChatAppUITests.framework in Frameworks */,
			);
			runOnlyForDeploymentPostprocessing = 0;
		};
/* End PBXFrameworksBuildPhase section */

/* Begin PBXGroup section */
		439F5AD62499A91200D06BCF /* Model */ = {
			isa = PBXGroup;
			children = (
				439F5AD72499A9DB00D06BCF /* FireService.swift */,
				43BBB4132499D5D10024F449 /* ebuka-FireService.swift */,
			);
			path = Model;
			sourceTree = "<group>";
		};
		43BBB417249A7B790024F449 /* Git */ = {
			isa = PBXGroup;
			children = (
				43BBB418249A7B910024F449 /* Git.swift */,
			);
			path = Git;
			sourceTree = "<group>";
		};
		533AFEBE34747E080980C33E /* Pods */ = {
			isa = PBXGroup;
			children = (
				BD8EF8BFDCFC3B308F506894 /* Pods-ChatApp.debug.xcconfig */,
				973207865591591D9857D3B2 /* Pods-ChatApp.release.xcconfig */,
				73BE946632D4127ED87B92D4 /* Pods-ChatApp-ChatAppUITests.debug.xcconfig */,
				4856E1272A8AE7DA4C9AD2BA /* Pods-ChatApp-ChatAppUITests.release.xcconfig */,
				26E687ADA940B6FF14540252 /* Pods-ChatAppTests.debug.xcconfig */,
				C07BF6EE33C5A87E9FBE80C7 /* Pods-ChatAppTests.release.xcconfig */,
			);
			path = Pods;
			sourceTree = "<group>";
		};
		9005ECBBD90707950A96B9AE /* Frameworks */ = {
			isa = PBXGroup;
			children = (
				8930E87DE8B25EF10B1AA643 /* Pods_ChatApp.framework */,
				8E316759D33345778EA1E5A9 /* Pods_ChatApp_ChatAppUITests.framework */,
				8084DFB8F5A5149689E4EDC2 /* Pods_ChatAppTests.framework */,
			);
			name = Frameworks;
			sourceTree = "<group>";
		};
		CBD5984E24986037000CBEBD = {
			isa = PBXGroup;
			children = (
				43BBB417249A7B790024F449 /* Git */,
				43BBB4152499D5DC0024F449 /* Views */,
				439F5AD62499A91200D06BCF /* Model */,
				CBD5988A2498620D000CBEBD /* Authentication Views */,
				CBD5985924986037000CBEBD /* ChatApp */,
				CBD5987024986040000CBEBD /* ChatAppTests */,
				CBD5987B24986041000CBEBD /* ChatAppUITests */,
				CBD5985824986037000CBEBD /* Products */,
				533AFEBE34747E080980C33E /* Pods */,
				9005ECBBD90707950A96B9AE /* Frameworks */,
			);
			sourceTree = "<group>";
		};
		CBD5985824986037000CBEBD /* Products */ = {
			isa = PBXGroup;
			children = (
				CBD5985724986037000CBEBD /* ChatApp.app */,
				CBD5986D24986040000CBEBD /* ChatAppTests.xctest */,
				CBD5987824986041000CBEBD /* ChatAppUITests.xctest */,
			);
			name = Products;
			sourceTree = "<group>";
		};
		CBD5985924986037000CBEBD /* ChatApp */ = {
			isa = PBXGroup;
			children = (
				CBD5985A24986037000CBEBD /* AppDelegate.swift */,
				CBD5985C24986037000CBEBD /* SceneDelegate.swift */,
				CBD5985E24986037000CBEBD /* ViewController.swift */,
				CBD5986324986040000CBEBD /* Assets.xcassets */,
				CBD5986524986040000CBEBD /* LaunchScreen.storyboard */,
				CBD5986824986040000CBEBD /* Info.plist */,
				43BBB4112499D5C70024F449 /* GoogleService-Info.plist */,
			);
			path = ChatApp;
			sourceTree = "<group>";
		};
		CBD5987024986040000CBEBD /* ChatAppTests */ = {
			isa = PBXGroup;
			children = (
				CBD5987124986041000CBEBD /* ChatAppTests.swift */,
				CBD5987324986041000CBEBD /* Info.plist */,
			);
			path = ChatAppTests;
			sourceTree = "<group>";
		};
		CBD5987B24986041000CBEBD /* ChatAppUITests */ = {
			isa = PBXGroup;
			children = (
				CBD5987C24986041000CBEBD /* ChatAppUITests.swift */,
				CBD5987E24986041000CBEBD /* Info.plist */,
			);
			path = ChatAppUITests;
			sourceTree = "<group>";
		};
		CBD5988A2498620D000CBEBD /* Authentication Views */ = {
			isa = PBXGroup;
			children = (
				CBD5986024986037000CBEBD /* Main.storyboard */,
				43BBB4092499D5B80024F449 /* AddContact.storyboard */,
				43BBB40A2499D5B80024F449 /* ChatLogSB.storyboard */,
				43BBB4082499D5B80024F449 /* NewGroup.storyboard */,
				43BBB4072499D5B80024F449 /* SignInStoryboard.storyboard */,
				43BBB4052499D5B80024F449 /* SignUpSB.storyboard */,
				43BBB4062499D5B80024F449 /* WelcomeScreen.storyboard */,
				CB72CBCC249CA04F000F97C4 /* ChatStoryBoard.storyboard */,
			);
			path = "Authentication Views";
			sourceTree = "<group>";
		};
/* End PBXGroup section */

/* Begin PBXNativeTarget section */
		CBD5985624986037000CBEBD /* ChatApp */ = {
			isa = PBXNativeTarget;
			buildConfigurationList = CBD5988124986041000CBEBD /* Build configuration list for PBXNativeTarget "ChatApp" */;
			buildPhases = (
				5FAE12313FF69FA2ADCA780E /* [CP] Check Pods Manifest.lock */,
				CBD5985324986037000CBEBD /* Sources */,
				CBD5985424986037000CBEBD /* Frameworks */,
				CBD5985524986037000CBEBD /* Resources */,
				43CA4ABCDE79E203F4943E6F /* [CP] Embed Pods Frameworks */,
			);
			buildRules = (
			);
			dependencies = (
			);
			name = ChatApp;
			productName = ChatApp;
			productReference = CBD5985724986037000CBEBD /* ChatApp.app */;
			productType = "com.apple.product-type.application";
		};
		CBD5986C24986040000CBEBD /* ChatAppTests */ = {
			isa = PBXNativeTarget;
			buildConfigurationList = CBD5988424986041000CBEBD /* Build configuration list for PBXNativeTarget "ChatAppTests" */;
			buildPhases = (
				C1A76BDAE1514C4C7470391A /* [CP] Check Pods Manifest.lock */,
				CBD5986924986040000CBEBD /* Sources */,
				CBD5986A24986040000CBEBD /* Frameworks */,
				CBD5986B24986040000CBEBD /* Resources */,
			);
			buildRules = (
			);
			dependencies = (
				CBD5986F24986040000CBEBD /* PBXTargetDependency */,
			);
			name = ChatAppTests;
			productName = ChatAppTests;
			productReference = CBD5986D24986040000CBEBD /* ChatAppTests.xctest */;
			productType = "com.apple.product-type.bundle.unit-test";
		};
		CBD5987724986041000CBEBD /* ChatAppUITests */ = {
			isa = PBXNativeTarget;
			buildConfigurationList = CBD5988724986041000CBEBD /* Build configuration list for PBXNativeTarget "ChatAppUITests" */;
			buildPhases = (
				1A41CEAAB9620F452FC817D8 /* [CP] Check Pods Manifest.lock */,
				CBD5987424986041000CBEBD /* Sources */,
				CBD5987524986041000CBEBD /* Frameworks */,
				CBD5987624986041000CBEBD /* Resources */,
				970603B797420932F62B930D /* [CP] Embed Pods Frameworks */,
			);
			buildRules = (
			);
			dependencies = (
				CBD5987A24986041000CBEBD /* PBXTargetDependency */,
			);
			name = ChatAppUITests;
			productName = ChatAppUITests;
			productReference = CBD5987824986041000CBEBD /* ChatAppUITests.xctest */;
			productType = "com.apple.product-type.bundle.ui-testing";
		};
/* End PBXNativeTarget section */

/* Begin PBXProject section */
		CBD5984F24986037000CBEBD /* Project object */ = {
			isa = PBXProject;
			attributes = {
				LastSwiftUpdateCheck = 1140;
				LastUpgradeCheck = 1140;
				ORGANIZATIONNAME = "Daramfon Akpan";
				TargetAttributes = {
					CBD5985624986037000CBEBD = {
						CreatedOnToolsVersion = 11.4.1;
					};
					CBD5986C24986040000CBEBD = {
						CreatedOnToolsVersion = 11.4.1;
						TestTargetID = CBD5985624986037000CBEBD;
					};
					CBD5987724986041000CBEBD = {
						CreatedOnToolsVersion = 11.4.1;
						TestTargetID = CBD5985624986037000CBEBD;
					};
				};
			};
			buildConfigurationList = CBD5985224986037000CBEBD /* Build configuration list for PBXProject "ChatApp" */;
			compatibilityVersion = "Xcode 9.3";
			developmentRegion = en;
			hasScannedForEncodings = 0;
			knownRegions = (
				en,
				Base,
			);
			mainGroup = CBD5984E24986037000CBEBD;
			productRefGroup = CBD5985824986037000CBEBD /* Products */;
			projectDirPath = "";
			projectRoot = "";
			targets = (
				CBD5985624986037000CBEBD /* ChatApp */,
				CBD5986C24986040000CBEBD /* ChatAppTests */,
				CBD5987724986041000CBEBD /* ChatAppUITests */,
			);
		};
/* End PBXProject section */

/* Begin PBXResourcesBuildPhase section */
		CBD5985524986037000CBEBD /* Resources */ = {
			isa = PBXResourcesBuildPhase;
			buildActionMask = 2147483647;
			files = (
				43BBB4162499D5DC0024F449 /* Views in Resources */,
				CB72CBCD249CA04F000F97C4 /* ChatStoryBoard.storyboard in Resources */,
				CBD5986724986040000CBEBD /* LaunchScreen.storyboard in Resources */,
				43BBB40F2499D5B80024F449 /* AddContact.storyboard in Resources */,
				43BBB40B2499D5B80024F449 /* SignUpSB.storyboard in Resources */,
				43BBB40C2499D5B80024F449 /* WelcomeScreen.storyboard in Resources */,
				CBD5986424986040000CBEBD /* Assets.xcassets in Resources */,
				43BBB40E2499D5B80024F449 /* NewGroup.storyboard in Resources */,
				43BBB4102499D5B80024F449 /* ChatLogSB.storyboard in Resources */,
				43BBB4122499D5C70024F449 /* GoogleService-Info.plist in Resources */,
				CBD5986224986037000CBEBD /* Main.storyboard in Resources */,
				43BBB40D2499D5B80024F449 /* SignInStoryboard.storyboard in Resources */,
			);
			runOnlyForDeploymentPostprocessing = 0;
		};
		CBD5986B24986040000CBEBD /* Resources */ = {
			isa = PBXResourcesBuildPhase;
			buildActionMask = 2147483647;
			files = (
			);
			runOnlyForDeploymentPostprocessing = 0;
		};
		CBD5987624986041000CBEBD /* Resources */ = {
			isa = PBXResourcesBuildPhase;
			buildActionMask = 2147483647;
			files = (
			);
			runOnlyForDeploymentPostprocessing = 0;
		};
/* End PBXResourcesBuildPhase section */

/* Begin PBXShellScriptBuildPhase section */
		1A41CEAAB9620F452FC817D8 /* [CP] Check Pods Manifest.lock */ = {
			isa = PBXShellScriptBuildPhase;
			buildActionMask = 2147483647;
			files = (
			);
			inputFileListPaths = (
			);
			inputPaths = (
				"${PODS_PODFILE_DIR_PATH}/Podfile.lock",
				"${PODS_ROOT}/Manifest.lock",
			);
			name = "[CP] Check Pods Manifest.lock";
			outputFileListPaths = (
			);
			outputPaths = (
				"$(DERIVED_FILE_DIR)/Pods-ChatApp-ChatAppUITests-checkManifestLockResult.txt",
			);
			runOnlyForDeploymentPostprocessing = 0;
			shellPath = /bin/sh;
			shellScript = "diff \"${PODS_PODFILE_DIR_PATH}/Podfile.lock\" \"${PODS_ROOT}/Manifest.lock\" > /dev/null\nif [ $? != 0 ] ; then\n    # print error to STDERR\n    echo \"error: The sandbox is not in sync with the Podfile.lock. Run 'pod install' or update your CocoaPods installation.\" >&2\n    exit 1\nfi\n# This output is used by Xcode 'outputs' to avoid re-running this script phase.\necho \"SUCCESS\" > \"${SCRIPT_OUTPUT_FILE_0}\"\n";
			showEnvVarsInLog = 0;
		};
		43CA4ABCDE79E203F4943E6F /* [CP] Embed Pods Frameworks */ = {
			isa = PBXShellScriptBuildPhase;
			buildActionMask = 2147483647;
			files = (
			);
			inputFileListPaths = (
				"${PODS_ROOT}/Target Support Files/Pods-ChatApp/Pods-ChatApp-frameworks-${CONFIGURATION}-input-files.xcfilelist",
			);
			name = "[CP] Embed Pods Frameworks";
			outputFileListPaths = (
				"${PODS_ROOT}/Target Support Files/Pods-ChatApp/Pods-ChatApp-frameworks-${CONFIGURATION}-output-files.xcfilelist",
			);
			runOnlyForDeploymentPostprocessing = 0;
			shellPath = /bin/sh;
			shellScript = "\"${PODS_ROOT}/Target Support Files/Pods-ChatApp/Pods-ChatApp-frameworks.sh\"\n";
			showEnvVarsInLog = 0;
		};
		5FAE12313FF69FA2ADCA780E /* [CP] Check Pods Manifest.lock */ = {
			isa = PBXShellScriptBuildPhase;
			buildActionMask = 2147483647;
			files = (
			);
			inputFileListPaths = (
			);
			inputPaths = (
				"${PODS_PODFILE_DIR_PATH}/Podfile.lock",
				"${PODS_ROOT}/Manifest.lock",
			);
			name = "[CP] Check Pods Manifest.lock";
			outputFileListPaths = (
			);
			outputPaths = (
				"$(DERIVED_FILE_DIR)/Pods-ChatApp-checkManifestLockResult.txt",
			);
			runOnlyForDeploymentPostprocessing = 0;
			shellPath = /bin/sh;
			shellScript = "diff \"${PODS_PODFILE_DIR_PATH}/Podfile.lock\" \"${PODS_ROOT}/Manifest.lock\" > /dev/null\nif [ $? != 0 ] ; then\n    # print error to STDERR\n    echo \"error: The sandbox is not in sync with the Podfile.lock. Run 'pod install' or update your CocoaPods installation.\" >&2\n    exit 1\nfi\n# This output is used by Xcode 'outputs' to avoid re-running this script phase.\necho \"SUCCESS\" > \"${SCRIPT_OUTPUT_FILE_0}\"\n";
			showEnvVarsInLog = 0;
		};
		970603B797420932F62B930D /* [CP] Embed Pods Frameworks */ = {
			isa = PBXShellScriptBuildPhase;
			buildActionMask = 2147483647;
			files = (
			);
			inputFileListPaths = (
				"${PODS_ROOT}/Target Support Files/Pods-ChatApp-ChatAppUITests/Pods-ChatApp-ChatAppUITests-frameworks-${CONFIGURATION}-input-files.xcfilelist",
			);
			name = "[CP] Embed Pods Frameworks";
			outputFileListPaths = (
				"${PODS_ROOT}/Target Support Files/Pods-ChatApp-ChatAppUITests/Pods-ChatApp-ChatAppUITests-frameworks-${CONFIGURATION}-output-files.xcfilelist",
			);
			runOnlyForDeploymentPostprocessing = 0;
			shellPath = /bin/sh;
			shellScript = "\"${PODS_ROOT}/Target Support Files/Pods-ChatApp-ChatAppUITests/Pods-ChatApp-ChatAppUITests-frameworks.sh\"\n";
			showEnvVarsInLog = 0;
		};
		C1A76BDAE1514C4C7470391A /* [CP] Check Pods Manifest.lock */ = {
			isa = PBXShellScriptBuildPhase;
			buildActionMask = 2147483647;
			files = (
			);
			inputFileListPaths = (
			);
			inputPaths = (
				"${PODS_PODFILE_DIR_PATH}/Podfile.lock",
				"${PODS_ROOT}/Manifest.lock",
			);
			name = "[CP] Check Pods Manifest.lock";
			outputFileListPaths = (
			);
			outputPaths = (
				"$(DERIVED_FILE_DIR)/Pods-ChatAppTests-checkManifestLockResult.txt",
			);
			runOnlyForDeploymentPostprocessing = 0;
			shellPath = /bin/sh;
			shellScript = "diff \"${PODS_PODFILE_DIR_PATH}/Podfile.lock\" \"${PODS_ROOT}/Manifest.lock\" > /dev/null\nif [ $? != 0 ] ; then\n    # print error to STDERR\n    echo \"error: The sandbox is not in sync with the Podfile.lock. Run 'pod install' or update your CocoaPods installation.\" >&2\n    exit 1\nfi\n# This output is used by Xcode 'outputs' to avoid re-running this script phase.\necho \"SUCCESS\" > \"${SCRIPT_OUTPUT_FILE_0}\"\n";
			showEnvVarsInLog = 0;
		};
/* End PBXShellScriptBuildPhase section */

/* Begin PBXSourcesBuildPhase section */
		CBD5985324986037000CBEBD /* Sources */ = {
			isa = PBXSourcesBuildPhase;
			buildActionMask = 2147483647;
			files = (
				CBD5985F24986037000CBEBD /* ViewController.swift in Sources */,
				CBD5985B24986037000CBEBD /* AppDelegate.swift in Sources */,
				43BBB419249A7B910024F449 /* Git.swift in Sources */,
				43BBB4142499D5D10024F449 /* ebuka-FireService.swift in Sources */,
				CBD5985D24986037000CBEBD /* SceneDelegate.swift in Sources */,
				439F5AD82499A9DC00D06BCF /* FireService.swift in Sources */,
			);
			runOnlyForDeploymentPostprocessing = 0;
		};
		CBD5986924986040000CBEBD /* Sources */ = {
			isa = PBXSourcesBuildPhase;
			buildActionMask = 2147483647;
			files = (
				CBD5987224986041000CBEBD /* ChatAppTests.swift in Sources */,
			);
			runOnlyForDeploymentPostprocessing = 0;
		};
		CBD5987424986041000CBEBD /* Sources */ = {
			isa = PBXSourcesBuildPhase;
			buildActionMask = 2147483647;
			files = (
				CBD5987D24986041000CBEBD /* ChatAppUITests.swift in Sources */,
			);
			runOnlyForDeploymentPostprocessing = 0;
		};
/* End PBXSourcesBuildPhase section */

/* Begin PBXTargetDependency section */
		CBD5986F24986040000CBEBD /* PBXTargetDependency */ = {
			isa = PBXTargetDependency;
			target = CBD5985624986037000CBEBD /* ChatApp */;
			targetProxy = CBD5986E24986040000CBEBD /* PBXContainerItemProxy */;
		};
		CBD5987A24986041000CBEBD /* PBXTargetDependency */ = {
			isa = PBXTargetDependency;
			target = CBD5985624986037000CBEBD /* ChatApp */;
			targetProxy = CBD5987924986041000CBEBD /* PBXContainerItemProxy */;
		};
/* End PBXTargetDependency section */

/* Begin PBXVariantGroup section */
		CBD5986024986037000CBEBD /* Main.storyboard */ = {
			isa = PBXVariantGroup;
			children = (
				CBD5986124986037000CBEBD /* Base */,
			);
			name = Main.storyboard;
			sourceTree = "<group>";
		};
		CBD5986524986040000CBEBD /* LaunchScreen.storyboard */ = {
			isa = PBXVariantGroup;
			children = (
				CBD5986624986040000CBEBD /* Base */,
			);
			name = LaunchScreen.storyboard;
			sourceTree = "<group>";
		};
/* End PBXVariantGroup section */

/* Begin XCBuildConfiguration section */
		CBD5987F24986041000CBEBD /* Debug */ = {
			isa = XCBuildConfiguration;
			buildSettings = {
				ALWAYS_SEARCH_USER_PATHS = NO;
				CLANG_ANALYZER_NONNULL = YES;
				CLANG_ANALYZER_NUMBER_OBJECT_CONVERSION = YES_AGGRESSIVE;
				CLANG_CXX_LANGUAGE_STANDARD = "gnu++14";
				CLANG_CXX_LIBRARY = "libc++";
				CLANG_ENABLE_MODULES = YES;
				CLANG_ENABLE_OBJC_ARC = YES;
				CLANG_ENABLE_OBJC_WEAK = YES;
				CLANG_WARN_BLOCK_CAPTURE_AUTORELEASING = YES;
				CLANG_WARN_BOOL_CONVERSION = YES;
				CLANG_WARN_COMMA = YES;
				CLANG_WARN_CONSTANT_CONVERSION = YES;
				CLANG_WARN_DEPRECATED_OBJC_IMPLEMENTATIONS = YES;
				CLANG_WARN_DIRECT_OBJC_ISA_USAGE = YES_ERROR;
				CLANG_WARN_DOCUMENTATION_COMMENTS = YES;
				CLANG_WARN_EMPTY_BODY = YES;
				CLANG_WARN_ENUM_CONVERSION = YES;
				CLANG_WARN_INFINITE_RECURSION = YES;
				CLANG_WARN_INT_CONVERSION = YES;
				CLANG_WARN_NON_LITERAL_NULL_CONVERSION = YES;
				CLANG_WARN_OBJC_IMPLICIT_RETAIN_SELF = YES;
				CLANG_WARN_OBJC_LITERAL_CONVERSION = YES;
				CLANG_WARN_OBJC_ROOT_CLASS = YES_ERROR;
				CLANG_WARN_RANGE_LOOP_ANALYSIS = YES;
				CLANG_WARN_STRICT_PROTOTYPES = YES;
				CLANG_WARN_SUSPICIOUS_MOVE = YES;
				CLANG_WARN_UNGUARDED_AVAILABILITY = YES_AGGRESSIVE;
				CLANG_WARN_UNREACHABLE_CODE = YES;
				CLANG_WARN__DUPLICATE_METHOD_MATCH = YES;
				COPY_PHASE_STRIP = NO;
				DEBUG_INFORMATION_FORMAT = dwarf;
				ENABLE_STRICT_OBJC_MSGSEND = YES;
				ENABLE_TESTABILITY = YES;
				GCC_C_LANGUAGE_STANDARD = gnu11;
				GCC_DYNAMIC_NO_PIC = NO;
				GCC_NO_COMMON_BLOCKS = YES;
				GCC_OPTIMIZATION_LEVEL = 0;
				GCC_PREPROCESSOR_DEFINITIONS = (
					"DEBUG=1",
					"$(inherited)",
				);
				GCC_WARN_64_TO_32_BIT_CONVERSION = YES;
				GCC_WARN_ABOUT_RETURN_TYPE = YES_ERROR;
				GCC_WARN_UNDECLARED_SELECTOR = YES;
				GCC_WARN_UNINITIALIZED_AUTOS = YES_AGGRESSIVE;
				GCC_WARN_UNUSED_FUNCTION = YES;
				GCC_WARN_UNUSED_VARIABLE = YES;
				IPHONEOS_DEPLOYMENT_TARGET = 13.4;
				MTL_ENABLE_DEBUG_INFO = INCLUDE_SOURCE;
				MTL_FAST_MATH = YES;
				ONLY_ACTIVE_ARCH = YES;
				SDKROOT = iphoneos;
				SWIFT_ACTIVE_COMPILATION_CONDITIONS = DEBUG;
				SWIFT_OPTIMIZATION_LEVEL = "-Onone";
			};
			name = Debug;
		};
		CBD5988024986041000CBEBD /* Release */ = {
			isa = XCBuildConfiguration;
			buildSettings = {
				ALWAYS_SEARCH_USER_PATHS = NO;
				CLANG_ANALYZER_NONNULL = YES;
				CLANG_ANALYZER_NUMBER_OBJECT_CONVERSION = YES_AGGRESSIVE;
				CLANG_CXX_LANGUAGE_STANDARD = "gnu++14";
				CLANG_CXX_LIBRARY = "libc++";
				CLANG_ENABLE_MODULES = YES;
				CLANG_ENABLE_OBJC_ARC = YES;
				CLANG_ENABLE_OBJC_WEAK = YES;
				CLANG_WARN_BLOCK_CAPTURE_AUTORELEASING = YES;
				CLANG_WARN_BOOL_CONVERSION = YES;
				CLANG_WARN_COMMA = YES;
				CLANG_WARN_CONSTANT_CONVERSION = YES;
				CLANG_WARN_DEPRECATED_OBJC_IMPLEMENTATIONS = YES;
				CLANG_WARN_DIRECT_OBJC_ISA_USAGE = YES_ERROR;
				CLANG_WARN_DOCUMENTATION_COMMENTS = YES;
				CLANG_WARN_EMPTY_BODY = YES;
				CLANG_WARN_ENUM_CONVERSION = YES;
				CLANG_WARN_INFINITE_RECURSION = YES;
				CLANG_WARN_INT_CONVERSION = YES;
				CLANG_WARN_NON_LITERAL_NULL_CONVERSION = YES;
				CLANG_WARN_OBJC_IMPLICIT_RETAIN_SELF = YES;
				CLANG_WARN_OBJC_LITERAL_CONVERSION = YES;
				CLANG_WARN_OBJC_ROOT_CLASS = YES_ERROR;
				CLANG_WARN_RANGE_LOOP_ANALYSIS = YES;
				CLANG_WARN_STRICT_PROTOTYPES = YES;
				CLANG_WARN_SUSPICIOUS_MOVE = YES;
				CLANG_WARN_UNGUARDED_AVAILABILITY = YES_AGGRESSIVE;
				CLANG_WARN_UNREACHABLE_CODE = YES;
				CLANG_WARN__DUPLICATE_METHOD_MATCH = YES;
				COPY_PHASE_STRIP = NO;
				DEBUG_INFORMATION_FORMAT = "dwarf-with-dsym";
				ENABLE_NS_ASSERTIONS = NO;
				ENABLE_STRICT_OBJC_MSGSEND = YES;
				GCC_C_LANGUAGE_STANDARD = gnu11;
				GCC_NO_COMMON_BLOCKS = YES;
				GCC_WARN_64_TO_32_BIT_CONVERSION = YES;
				GCC_WARN_ABOUT_RETURN_TYPE = YES_ERROR;
				GCC_WARN_UNDECLARED_SELECTOR = YES;
				GCC_WARN_UNINITIALIZED_AUTOS = YES_AGGRESSIVE;
				GCC_WARN_UNUSED_FUNCTION = YES;
				GCC_WARN_UNUSED_VARIABLE = YES;
				IPHONEOS_DEPLOYMENT_TARGET = 13.4;
				MTL_ENABLE_DEBUG_INFO = NO;
				MTL_FAST_MATH = YES;
				SDKROOT = iphoneos;
				SWIFT_COMPILATION_MODE = wholemodule;
				SWIFT_OPTIMIZATION_LEVEL = "-O";
				VALIDATE_PRODUCT = YES;
			};
			name = Release;
		};
		CBD5988224986041000CBEBD /* Debug */ = {
			isa = XCBuildConfiguration;
			baseConfigurationReference = BD8EF8BFDCFC3B308F506894 /* Pods-ChatApp.debug.xcconfig */;
			buildSettings = {
				ASSETCATALOG_COMPILER_APPICON_NAME = AppIcon;
				CODE_SIGN_STYLE = Automatic;
				DEVELOPMENT_TEAM = 9BEUBEN9L7;
				INFOPLIST_FILE = ChatApp/Info.plist;
				LD_RUNPATH_SEARCH_PATHS = (
					"$(inherited)",
					"@executable_path/Frameworks",
				);
				PRODUCT_BUNDLE_IDENTIFIER = com.DaramfonAkpan.ChatApp;
				PRODUCT_NAME = "$(TARGET_NAME)";
				SWIFT_VERSION = 5.0;
				TARGETED_DEVICE_FAMILY = "1,2";
			};
			name = Debug;
		};
		CBD5988324986041000CBEBD /* Release */ = {
			isa = XCBuildConfiguration;
			baseConfigurationReference = 973207865591591D9857D3B2 /* Pods-ChatApp.release.xcconfig */;
			buildSettings = {
				ASSETCATALOG_COMPILER_APPICON_NAME = AppIcon;
				CODE_SIGN_STYLE = Automatic;
				DEVELOPMENT_TEAM = 9BEUBEN9L7;
				INFOPLIST_FILE = ChatApp/Info.plist;
				LD_RUNPATH_SEARCH_PATHS = (
					"$(inherited)",
					"@executable_path/Frameworks",
				);
				PRODUCT_BUNDLE_IDENTIFIER = com.DaramfonAkpan.ChatApp;
				PRODUCT_NAME = "$(TARGET_NAME)";
				SWIFT_VERSION = 5.0;
				TARGETED_DEVICE_FAMILY = "1,2";
			};
			name = Release;
		};
		CBD5988524986041000CBEBD /* Debug */ = {
			isa = XCBuildConfiguration;
			baseConfigurationReference = 26E687ADA940B6FF14540252 /* Pods-ChatAppTests.debug.xcconfig */;
			buildSettings = {
				ALWAYS_EMBED_SWIFT_STANDARD_LIBRARIES = YES;
				BUNDLE_LOADER = "$(TEST_HOST)";
				CODE_SIGN_STYLE = Automatic;
				DEVELOPMENT_TEAM = 9BEUBEN9L7;
				INFOPLIST_FILE = ChatAppTests/Info.plist;
				IPHONEOS_DEPLOYMENT_TARGET = 13.4;
				LD_RUNPATH_SEARCH_PATHS = (
					"$(inherited)",
					"@executable_path/Frameworks",
					"@loader_path/Frameworks",
				);
				PRODUCT_BUNDLE_IDENTIFIER = com.DaramfonAkpan.ChatAppTests;
				PRODUCT_NAME = "$(TARGET_NAME)";
				SWIFT_VERSION = 5.0;
				TARGETED_DEVICE_FAMILY = "1,2";
				TEST_HOST = "$(BUILT_PRODUCTS_DIR)/ChatApp.app/ChatApp";
			};
			name = Debug;
		};
		CBD5988624986041000CBEBD /* Release */ = {
			isa = XCBuildConfiguration;
			baseConfigurationReference = C07BF6EE33C5A87E9FBE80C7 /* Pods-ChatAppTests.release.xcconfig */;
			buildSettings = {
				ALWAYS_EMBED_SWIFT_STANDARD_LIBRARIES = YES;
				BUNDLE_LOADER = "$(TEST_HOST)";
				CODE_SIGN_STYLE = Automatic;
				DEVELOPMENT_TEAM = 9BEUBEN9L7;
				INFOPLIST_FILE = ChatAppTests/Info.plist;
				IPHONEOS_DEPLOYMENT_TARGET = 13.4;
				LD_RUNPATH_SEARCH_PATHS = (
					"$(inherited)",
					"@executable_path/Frameworks",
					"@loader_path/Frameworks",
				);
				PRODUCT_BUNDLE_IDENTIFIER = com.DaramfonAkpan.ChatAppTests;
				PRODUCT_NAME = "$(TARGET_NAME)";
				SWIFT_VERSION = 5.0;
				TARGETED_DEVICE_FAMILY = "1,2";
				TEST_HOST = "$(BUILT_PRODUCTS_DIR)/ChatApp.app/ChatApp";
			};
			name = Release;
		};
		CBD5988824986041000CBEBD /* Debug */ = {
			isa = XCBuildConfiguration;
			baseConfigurationReference = 73BE946632D4127ED87B92D4 /* Pods-ChatApp-ChatAppUITests.debug.xcconfig */;
			buildSettings = {
				ALWAYS_EMBED_SWIFT_STANDARD_LIBRARIES = YES;
				CODE_SIGN_STYLE = Automatic;
				DEVELOPMENT_TEAM = 9BEUBEN9L7;
				INFOPLIST_FILE = ChatAppUITests/Info.plist;
				LD_RUNPATH_SEARCH_PATHS = (
					"$(inherited)",
					"@executable_path/Frameworks",
					"@loader_path/Frameworks",
				);
				PRODUCT_BUNDLE_IDENTIFIER = com.DaramfonAkpan.ChatAppUITests;
				PRODUCT_NAME = "$(TARGET_NAME)";
				SWIFT_VERSION = 5.0;
				TARGETED_DEVICE_FAMILY = "1,2";
				TEST_TARGET_NAME = ChatApp;
			};
			name = Debug;
		};
		CBD5988924986041000CBEBD /* Release */ = {
			isa = XCBuildConfiguration;
			baseConfigurationReference = 4856E1272A8AE7DA4C9AD2BA /* Pods-ChatApp-ChatAppUITests.release.xcconfig */;
			buildSettings = {
				ALWAYS_EMBED_SWIFT_STANDARD_LIBRARIES = YES;
				CODE_SIGN_STYLE = Automatic;
				DEVELOPMENT_TEAM = 9BEUBEN9L7;
				INFOPLIST_FILE = ChatAppUITests/Info.plist;
				LD_RUNPATH_SEARCH_PATHS = (
					"$(inherited)",
					"@executable_path/Frameworks",
					"@loader_path/Frameworks",
				);
				PRODUCT_BUNDLE_IDENTIFIER = com.DaramfonAkpan.ChatAppUITests;
				PRODUCT_NAME = "$(TARGET_NAME)";
				SWIFT_VERSION = 5.0;
				TARGETED_DEVICE_FAMILY = "1,2";
				TEST_TARGET_NAME = ChatApp;
			};
			name = Release;
		};
/* End XCBuildConfiguration section */

/* Begin XCConfigurationList section */
		CBD5985224986037000CBEBD /* Build configuration list for PBXProject "ChatApp" */ = {
			isa = XCConfigurationList;
			buildConfigurations = (
				CBD5987F24986041000CBEBD /* Debug */,
				CBD5988024986041000CBEBD /* Release */,
			);
			defaultConfigurationIsVisible = 0;
			defaultConfigurationName = Release;
		};
		CBD5988124986041000CBEBD /* Build configuration list for PBXNativeTarget "ChatApp" */ = {
			isa = XCConfigurationList;
			buildConfigurations = (
				CBD5988224986041000CBEBD /* Debug */,
				CBD5988324986041000CBEBD /* Release */,
			);
			defaultConfigurationIsVisible = 0;
			defaultConfigurationName = Release;
		};
		CBD5988424986041000CBEBD /* Build configuration list for PBXNativeTarget "ChatAppTests" */ = {
			isa = XCConfigurationList;
			buildConfigurations = (
				CBD5988524986041000CBEBD /* Debug */,
				CBD5988624986041000CBEBD /* Release */,
			);
			defaultConfigurationIsVisible = 0;
			defaultConfigurationName = Release;
		};
		CBD5988724986041000CBEBD /* Build configuration list for PBXNativeTarget "ChatAppUITests" */ = {
			isa = XCConfigurationList;
			buildConfigurations = (
				CBD5988824986041000CBEBD /* Debug */,
				CBD5988924986041000CBEBD /* Release */,
			);
			defaultConfigurationIsVisible = 0;
			defaultConfigurationName = Release;
		};
/* End XCConfigurationList section */
	};
	rootObject = CBD5984F24986037000CBEBD /* Project object */;
}
